// !$*UTF8*$!
{
	archiveVersion = 1;
	classes = {
	};
	objectVersion = 56;
	objects = {

/* Begin PBXBuildFile section */
		4BCDE9812B2BA04100B9D164 /* LandmarksApp.swift in Sources */ = {isa = PBXBuildFile; fileRef = 4BCDE9802B2BA04100B9D164 /* LandmarksApp.swift */; };
		4BCDE9832B2BA04100B9D164 /* ContentView.swift in Sources */ = {isa = PBXBuildFile; fileRef = 4BCDE9822B2BA04100B9D164 /* ContentView.swift */; };
		4BCDE9852B2BA04600B9D164 /* Assets.xcassets in Resources */ = {isa = PBXBuildFile; fileRef = 4BCDE9842B2BA04600B9D164 /* Assets.xcassets */; };
		4BCDE9882B2BA04600B9D164 /* Preview Assets.xcassets in Resources */ = {isa = PBXBuildFile; fileRef = 4BCDE9872B2BA04600B9D164 /* Preview Assets.xcassets */; };
		4BCDE9922B2BA04600B9D164 /* LandmarksTests.swift in Sources */ = {isa = PBXBuildFile; fileRef = 4BCDE9912B2BA04600B9D164 /* LandmarksTests.swift */; };
		4BCDE99C2B2BA04700B9D164 /* LandmarksUITests.swift in Sources */ = {isa = PBXBuildFile; fileRef = 4BCDE99B2B2BA04700B9D164 /* LandmarksUITests.swift */; };
		4BCDE99E2B2BA04700B9D164 /* LandmarksUITestsLaunchTests.swift in Sources */ = {isa = PBXBuildFile; fileRef = 4BCDE99D2B2BA04700B9D164 /* LandmarksUITestsLaunchTests.swift */; };
		4BDD19152B2BE831004E3B81 /* CircleImage.swift in Sources */ = {isa = PBXBuildFile; fileRef = 4BDD19142B2BE831004E3B81 /* CircleImage.swift */; };
		4BDD19172B2BFDD9004E3B81 /* MapView.swift in Sources */ = {isa = PBXBuildFile; fileRef = 4BDD19162B2BFDD9004E3B81 /* MapView.swift */; };
		4BDD19352B2C0473004E3B81 /* landmarkData.json in Resources */ = {isa = PBXBuildFile; fileRef = 4BDD19282B2C0473004E3B81 /* landmarkData.json */; };
		4BDD19382B2C04C5004E3B81 /* Landmark.swift in Sources */ = {isa = PBXBuildFile; fileRef = 4BDD19372B2C04C5004E3B81 /* Landmark.swift */; };
/* End PBXBuildFile section */

/* Begin PBXContainerItemProxy section */
		4BCDE98E2B2BA04600B9D164 /* PBXContainerItemProxy */ = {
			isa = PBXContainerItemProxy;
			containerPortal = 4BCDE9752B2BA04100B9D164 /* Project object */;
			proxyType = 1;
			remoteGlobalIDString = 4BCDE97C2B2BA04100B9D164;
			remoteInfo = Landmarks;
		};
		4BCDE9982B2BA04700B9D164 /* PBXContainerItemProxy */ = {
			isa = PBXContainerItemProxy;
			containerPortal = 4BCDE9752B2BA04100B9D164 /* Project object */;
			proxyType = 1;
			remoteGlobalIDString = 4BCDE97C2B2BA04100B9D164;
			remoteInfo = Landmarks;
		};
/* End PBXContainerItemProxy section */

/* Begin PBXFileReference section */
		4BCDE97D2B2BA04100B9D164 /* Landmarks.app */ = {isa = PBXFileReference; explicitFileType = wrapper.application; includeInIndex = 0; path = Landmarks.app; sourceTree = BUILT_PRODUCTS_DIR; };
		4BCDE9802B2BA04100B9D164 /* LandmarksApp.swift */ = {isa = PBXFileReference; lastKnownFileType = sourcecode.swift; path = LandmarksApp.swift; sourceTree = "<group>"; };
		4BCDE9822B2BA04100B9D164 /* ContentView.swift */ = {isa = PBXFileReference; lastKnownFileType = sourcecode.swift; path = ContentView.swift; sourceTree = "<group>"; };
		4BCDE9842B2BA04600B9D164 /* Assets.xcassets */ = {isa = PBXFileReference; lastKnownFileType = folder.assetcatalog; path = Assets.xcassets; sourceTree = "<group>"; };
		4BCDE9872B2BA04600B9D164 /* Preview Assets.xcassets */ = {isa = PBXFileReference; lastKnownFileType = folder.assetcatalog; path = "Preview Assets.xcassets"; sourceTree = "<group>"; };
		4BCDE98D2B2BA04600B9D164 /* LandmarksTests.xctest */ = {isa = PBXFileReference; explicitFileType = wrapper.cfbundle; includeInIndex = 0; path = LandmarksTests.xctest; sourceTree = BUILT_PRODUCTS_DIR; };
		4BCDE9912B2BA04600B9D164 /* LandmarksTests.swift */ = {isa = PBXFileReference; lastKnownFileType = sourcecode.swift; path = LandmarksTests.swift; sourceTree = "<group>"; };
		4BCDE9972B2BA04700B9D164 /* LandmarksUITests.xctest */ = {isa = PBXFileReference; explicitFileType = wrapper.cfbundle; includeInIndex = 0; path = LandmarksUITests.xctest; sourceTree = BUILT_PRODUCTS_DIR; };
		4BCDE99B2B2BA04700B9D164 /* LandmarksUITests.swift */ = {isa = PBXFileReference; lastKnownFileType = sourcecode.swift; path = LandmarksUITests.swift; sourceTree = "<group>"; };
		4BCDE99D2B2BA04700B9D164 /* LandmarksUITestsLaunchTests.swift */ = {isa = PBXFileReference; lastKnownFileType = sourcecode.swift; path = LandmarksUITestsLaunchTests.swift; sourceTree = "<group>"; };
		4BDD19142B2BE831004E3B81 /* CircleImage.swift */ = {isa = PBXFileReference; lastKnownFileType = sourcecode.swift; path = CircleImage.swift; sourceTree = "<group>"; };
		4BDD19162B2BFDD9004E3B81 /* MapView.swift */ = {isa = PBXFileReference; lastKnownFileType = sourcecode.swift; path = MapView.swift; sourceTree = "<group>"; };
		4BDD19282B2C0473004E3B81 /* landmarkData.json */ = {isa = PBXFileReference; fileEncoding = 4; lastKnownFileType = text.json; path = landmarkData.json; sourceTree = "<group>"; };
		4BDD19372B2C04C5004E3B81 /* Landmark.swift */ = {isa = PBXFileReference; lastKnownFileType = sourcecode.swift; path = Landmark.swift; sourceTree = "<group>"; };
/* End PBXFileReference section */

/* Begin PBXFrameworksBuildPhase section */
		4BCDE97A2B2BA04100B9D164 /* Frameworks */ = {
			isa = PBXFrameworksBuildPhase;
			buildActionMask = 2147483647;
			files = (
			);
			runOnlyForDeploymentPostprocessing = 0;
		};
		4BCDE98A2B2BA04600B9D164 /* Frameworks */ = {
			isa = PBXFrameworksBuildPhase;
			buildActionMask = 2147483647;
			files = (
			);
			runOnlyForDeploymentPostprocessing = 0;
		};
		4BCDE9942B2BA04700B9D164 /* Frameworks */ = {
			isa = PBXFrameworksBuildPhase;
			buildActionMask = 2147483647;
			files = (
			);
			runOnlyForDeploymentPostprocessing = 0;
		};
/* End PBXFrameworksBuildPhase section */

/* Begin PBXGroup section */
		4BCDE9742B2BA04100B9D164 = {
			isa = PBXGroup;
			children = (
				4BCDE97F2B2BA04100B9D164 /* Landmarks */,
				4BCDE9902B2BA04600B9D164 /* LandmarksTests */,
				4BCDE99A2B2BA04700B9D164 /* LandmarksUITests */,
				4BCDE97E2B2BA04100B9D164 /* Products */,
			);
			sourceTree = "<group>";
		};
		4BCDE97E2B2BA04100B9D164 /* Products */ = {
			isa = PBXGroup;
			children = (
				4BCDE97D2B2BA04100B9D164 /* Landmarks.app */,
				4BCDE98D2B2BA04600B9D164 /* LandmarksTests.xctest */,
				4BCDE9972B2BA04700B9D164 /* LandmarksUITests.xctest */,
			);
			name = Products;
			sourceTree = "<group>";
		};
		4BCDE97F2B2BA04100B9D164 /* Landmarks */ = {
			isa = PBXGroup;
			children = (
				4BDD19362B2C04B8004E3B81 /* Models */,
				4BDD19192B2C0473004E3B81 /* Resources */,
				4BDD19132B2BDCAE004E3B81 /* Views */,
				4BCDE9802B2BA04100B9D164 /* LandmarksApp.swift */,
				4BCDE9842B2BA04600B9D164 /* Assets.xcassets */,
				4BCDE9862B2BA04600B9D164 /* Preview Content */,
			);
			path = Landmarks;
			sourceTree = "<group>";
		};
		4BCDE9862B2BA04600B9D164 /* Preview Content */ = {
			isa = PBXGroup;
			children = (
				4BCDE9872B2BA04600B9D164 /* Preview Assets.xcassets */,
			);
			path = "Preview Content";
			sourceTree = "<group>";
		};
		4BCDE9902B2BA04600B9D164 /* LandmarksTests */ = {
			isa = PBXGroup;
			children = (
				4BCDE9912B2BA04600B9D164 /* LandmarksTests.swift */,
			);
			path = LandmarksTests;
			sourceTree = "<group>";
		};
		4BCDE99A2B2BA04700B9D164 /* LandmarksUITests */ = {
			isa = PBXGroup;
			children = (
				4BCDE99B2B2BA04700B9D164 /* LandmarksUITests.swift */,
				4BCDE99D2B2BA04700B9D164 /* LandmarksUITestsLaunchTests.swift */,
			);
			path = LandmarksUITests;
			sourceTree = "<group>";
		};
		4BDD19132B2BDCAE004E3B81 /* Views */ = {
			isa = PBXGroup;
			children = (
				4BCDE9822B2BA04100B9D164 /* ContentView.swift */,
				4BDD19142B2BE831004E3B81 /* CircleImage.swift */,
				4BDD19162B2BFDD9004E3B81 /* MapView.swift */,
			);
			path = Views;
			sourceTree = "<group>";
		};
		4BDD19192B2C0473004E3B81 /* Resources */ = {
			isa = PBXGroup;
			children = (
				4BDD19282B2C0473004E3B81 /* landmarkData.json */,
			);
			path = Resources;
			sourceTree = "<group>";
		};
		4BDD19362B2C04B8004E3B81 /* Models */ = {
			isa = PBXGroup;
			children = (
				4BDD19372B2C04C5004E3B81 /* Landmark.swift */,
			);
			path = Models;
			sourceTree = "<group>";
		};
/* End PBXGroup section */

/* Begin PBXNativeTarget section */
		4BCDE97C2B2BA04100B9D164 /* Landmarks */ = {
			isa = PBXNativeTarget;
			buildConfigurationList = 4BCDE9A12B2BA04700B9D164 /* Build configuration list for PBXNativeTarget "Landmarks" */;
			buildPhases = (
				4BCDE9792B2BA04100B9D164 /* Sources */,
				4BCDE97A2B2BA04100B9D164 /* Frameworks */,
				4BCDE97B2B2BA04100B9D164 /* Resources */,
			);
			buildRules = (
			);
			dependencies = (
			);
			name = Landmarks;
			productName = Landmarks;
			productReference = 4BCDE97D2B2BA04100B9D164 /* Landmarks.app */;
			productType = "com.apple.product-type.application";
		};
		4BCDE98C2B2BA04600B9D164 /* LandmarksTests */ = {
			isa = PBXNativeTarget;
			buildConfigurationList = 4BCDE9A42B2BA04700B9D164 /* Build configuration list for PBXNativeTarget "LandmarksTests" */;
			buildPhases = (
				4BCDE9892B2BA04600B9D164 /* Sources */,
				4BCDE98A2B2BA04600B9D164 /* Frameworks */,
				4BCDE98B2B2BA04600B9D164 /* Resources */,
			);
			buildRules = (
			);
			dependencies = (
				4BCDE98F2B2BA04600B9D164 /* PBXTargetDependency */,
			);
			name = LandmarksTests;
			productName = LandmarksTests;
			productReference = 4BCDE98D2B2BA04600B9D164 /* LandmarksTests.xctest */;
			productType = "com.apple.product-type.bundle.unit-test";
		};
		4BCDE9962B2BA04700B9D164 /* LandmarksUITests */ = {
			isa = PBXNativeTarget;
			buildConfigurationList = 4BCDE9A72B2BA04700B9D164 /* Build configuration list for PBXNativeTarget "LandmarksUITests" */;
			buildPhases = (
				4BCDE9932B2BA04700B9D164 /* Sources */,
				4BCDE9942B2BA04700B9D164 /* Frameworks */,
				4BCDE9952B2BA04700B9D164 /* Resources */,
			);
			buildRules = (
			);
			dependencies = (
				4BCDE9992B2BA04700B9D164 /* PBXTargetDependency */,
			);
			name = LandmarksUITests;
			productName = LandmarksUITests;
			productReference = 4BCDE9972B2BA04700B9D164 /* LandmarksUITests.xctest */;
			productType = "com.apple.product-type.bundle.ui-testing";
		};
/* End PBXNativeTarget section */

/* Begin PBXProject section */
		4BCDE9752B2BA04100B9D164 /* Project object */ = {
			isa = PBXProject;
			attributes = {
				BuildIndependentTargetsInParallel = 1;
				LastSwiftUpdateCheck = 1500;
				LastUpgradeCheck = 1500;
				TargetAttributes = {
					4BCDE97C2B2BA04100B9D164 = {
						CreatedOnToolsVersion = 15.0.1;
					};
					4BCDE98C2B2BA04600B9D164 = {
						CreatedOnToolsVersion = 15.0.1;
						TestTargetID = 4BCDE97C2B2BA04100B9D164;
					};
					4BCDE9962B2BA04700B9D164 = {
						CreatedOnToolsVersion = 15.0.1;
						TestTargetID = 4BCDE97C2B2BA04100B9D164;
					};
				};
			};
			buildConfigurationList = 4BCDE9782B2BA04100B9D164 /* Build configuration list for PBXProject "Landmarks" */;
			compatibilityVersion = "Xcode 14.0";
			developmentRegion = en;
			hasScannedForEncodings = 0;
			knownRegions = (
				en,
				Base,
			);
			mainGroup = 4BCDE9742B2BA04100B9D164;
			productRefGroup = 4BCDE97E2B2BA04100B9D164 /* Products */;
			projectDirPath = "";
			projectRoot = "";
			targets = (
				4BCDE97C2B2BA04100B9D164 /* Landmarks */,
				4BCDE98C2B2BA04600B9D164 /* LandmarksTests */,
				4BCDE9962B2BA04700B9D164 /* LandmarksUITests */,
			);
		};
/* End PBXProject section */

/* Begin PBXResourcesBuildPhase section */
		4BCDE97B2B2BA04100B9D164 /* Resources */ = {
			isa = PBXResourcesBuildPhase;
			buildActionMask = 2147483647;
			files = (
				4BCDE9882B2BA04600B9D164 /* Preview Assets.xcassets in Resources */,
				4BDD19352B2C0473004E3B81 /* landmarkData.json in Resources */,
				4BCDE9852B2BA04600B9D164 /* Assets.xcassets in Resources */,
			);
			runOnlyForDeploymentPostprocessing = 0;
		};
		4BCDE98B2B2BA04600B9D164 /* Resources */ = {
			isa = PBXResourcesBuildPhase;
			buildActionMask = 2147483647;
			files = (
			);
			runOnlyForDeploymentPostprocessing = 0;
		};
		4BCDE9952B2BA04700B9D164 /* Resources */ = {
			isa = PBXResourcesBuildPhase;
			buildActionMask = 2147483647;
			files = (
			);
			runOnlyForDeploymentPostprocessing = 0;
		};
/* End PBXResourcesBuildPhase section */

/* Begin PBXSourcesBuildPhase section */
		4BCDE9792B2BA04100B9D164 /* Sources */ = {
			isa = PBXSourcesBuildPhase;
			buildActionMask = 2147483647;
			files = (
				4BCDE9832B2BA04100B9D164 /* ContentView.swift in Sources */,
				4BDD19172B2BFDD9004E3B81 /* MapView.swift in Sources */,
				4BCDE9812B2BA04100B9D164 /* LandmarksApp.swift in Sources */,
				4BDD19152B2BE831004E3B81 /* CircleImage.swift in Sources */,
				4BDD19382B2C04C5004E3B81 /* Landmark.swift in Sources */,
			);
			runOnlyForDeploymentPostprocessing = 0;
		};
		4BCDE9892B2BA04600B9D164 /* Sources */ = {
			isa = PBXSourcesBuildPhase;
			buildActionMask = 2147483647;
			files = (
				4BCDE9922B2BA04600B9D164 /* LandmarksTests.swift in Sources */,
			);
			runOnlyForDeploymentPostprocessing = 0;
		};
		4BCDE9932B2BA04700B9D164 /* Sources */ = {
			isa = PBXSourcesBuildPhase;
			buildActionMask = 2147483647;
			files = (
				4BCDE99E2B2BA04700B9D164 /* LandmarksUITestsLaunchTests.swift in Sources */,
				4BCDE99C2B2BA04700B9D164 /* LandmarksUITests.swift in Sources */,
			);
			runOnlyForDeploymentPostprocessing = 0;
		};
/* End PBXSourcesBuildPhase section */

/* Begin PBXTargetDependency section */
		4BCDE98F2B2BA04600B9D164 /* PBXTargetDependency */ = {
			isa = PBXTargetDependency;
			target = 4BCDE97C2B2BA04100B9D164 /* Landmarks */;
			targetProxy = 4BCDE98E2B2BA04600B9D164 /* PBXContainerItemProxy */;
		};
		4BCDE9992B2BA04700B9D164 /* PBXTargetDependency */ = {
			isa = PBXTargetDependency;
			target = 4BCDE97C2B2BA04100B9D164 /* Landmarks */;
			targetProxy = 4BCDE9982B2BA04700B9D164 /* PBXContainerItemProxy */;
		};
/* End PBXTargetDependency section */

/* Begin XCBuildConfiguration section */
		4BCDE99F2B2BA04700B9D164 /* Debug */ = {
			isa = XCBuildConfiguration;
			buildSettings = {
				ALWAYS_SEARCH_USER_PATHS = NO;
				ASSETCATALOG_COMPILER_GENERATE_SWIFT_ASSET_SYMBOL_EXTENSIONS = YES;
				CLANG_ANALYZER_NONNULL = YES;
				CLANG_ANALYZER_NUMBER_OBJECT_CONVERSION = YES_AGGRESSIVE;
				CLANG_CXX_LANGUAGE_STANDARD = "gnu++20";
				CLANG_ENABLE_MODULES = YES;
				CLANG_ENABLE_OBJC_ARC = YES;
				CLANG_ENABLE_OBJC_WEAK = YES;
				CLANG_WARN_BLOCK_CAPTURE_AUTORELEASING = YES;
				CLANG_WARN_BOOL_CONVERSION = YES;
				CLANG_WARN_COMMA = YES;
				CLANG_WARN_CONSTANT_CONVERSION = YES;
				CLANG_WARN_DEPRECATED_OBJC_IMPLEMENTATIONS = YES;
				CLANG_WARN_DIRECT_OBJC_ISA_USAGE = YES_ERROR;
				CLANG_WARN_DOCUMENTATION_COMMENTS = YES;
				CLANG_WARN_EMPTY_BODY = YES;
				CLANG_WARN_ENUM_CONVERSION = YES;
				CLANG_WARN_INFINITE_RECURSION = YES;
				CLANG_WARN_INT_CONVERSION = YES;
				CLANG_WARN_NON_LITERAL_NULL_CONVERSION = YES;
				CLANG_WARN_OBJC_IMPLICIT_RETAIN_SELF = YES;
				CLANG_WARN_OBJC_LITERAL_CONVERSION = YES;
				CLANG_WARN_OBJC_ROOT_CLASS = YES_ERROR;
				CLANG_WARN_QUOTED_INCLUDE_IN_FRAMEWORK_HEADER = YES;
				CLANG_WARN_RANGE_LOOP_ANALYSIS = YES;
				CLANG_WARN_STRICT_PROTOTYPES = YES;
				CLANG_WARN_SUSPICIOUS_MOVE = YES;
				CLANG_WARN_UNGUARDED_AVAILABILITY = YES_AGGRESSIVE;
				CLANG_WARN_UNREACHABLE_CODE = YES;
				CLANG_WARN__DUPLICATE_METHOD_MATCH = YES;
				COPY_PHASE_STRIP = NO;
				DEBUG_INFORMATION_FORMAT = dwarf;
				ENABLE_STRICT_OBJC_MSGSEND = YES;
				ENABLE_TESTABILITY = YES;
				ENABLE_USER_SCRIPT_SANDBOXING = YES;
				GCC_C_LANGUAGE_STANDARD = gnu17;
				GCC_DYNAMIC_NO_PIC = NO;
				GCC_NO_COMMON_BLOCKS = YES;
				GCC_OPTIMIZATION_LEVEL = 0;
				GCC_PREPROCESSOR_DEFINITIONS = (
					"DEBUG=1",
					"$(inherited)",
				);
				GCC_WARN_64_TO_32_BIT_CONVERSION = YES;
				GCC_WARN_ABOUT_RETURN_TYPE = YES_ERROR;
				GCC_WARN_UNDECLARED_SELECTOR = YES;
				GCC_WARN_UNINITIALIZED_AUTOS = YES_AGGRESSIVE;
				GCC_WARN_UNUSED_FUNCTION = YES;
				GCC_WARN_UNUSED_VARIABLE = YES;
				IPHONEOS_DEPLOYMENT_TARGET = 17.0;
				LOCALIZATION_PREFERS_STRING_CATALOGS = YES;
				MTL_ENABLE_DEBUG_INFO = INCLUDE_SOURCE;
				MTL_FAST_MATH = YES;
				ONLY_ACTIVE_ARCH = YES;
				SDKROOT = iphoneos;
				SWIFT_ACTIVE_COMPILATION_CONDITIONS = "DEBUG $(inherited)";
				SWIFT_OPTIMIZATION_LEVEL = "-Onone";
			};
			name = Debug;
		};
		4BCDE9A02B2BA04700B9D164 /* Release */ = {
			isa = XCBuildConfiguration;
			buildSettings = {
				ALWAYS_SEARCH_USER_PATHS = NO;
				ASSETCATALOG_COMPILER_GENERATE_SWIFT_ASSET_SYMBOL_EXTENSIONS = YES;
				CLANG_ANALYZER_NONNULL = YES;
				CLANG_ANALYZER_NUMBER_OBJECT_CONVERSION = YES_AGGRESSIVE;
				CLANG_CXX_LANGUAGE_STANDARD = "gnu++20";
				CLANG_ENABLE_MODULES = YES;
				CLANG_ENABLE_OBJC_ARC = YES;
				CLANG_ENABLE_OBJC_WEAK = YES;
				CLANG_WARN_BLOCK_CAPTURE_AUTORELEASING = YES;
				CLANG_WARN_BOOL_CONVERSION = YES;
				CLANG_WARN_COMMA = YES;
				CLANG_WARN_CONSTANT_CONVERSION = YES;
				CLANG_WARN_DEPRECATED_OBJC_IMPLEMENTATIONS = YES;
				CLANG_WARN_DIRECT_OBJC_ISA_USAGE = YES_ERROR;
				CLANG_WARN_DOCUMENTATION_COMMENTS = YES;
				CLANG_WARN_EMPTY_BODY = YES;
				CLANG_WARN_ENUM_CONVERSION = YES;
				CLANG_WARN_INFINITE_RECURSION = YES;
				CLANG_WARN_INT_CONVERSION = YES;
				CLANG_WARN_NON_LITERAL_NULL_CONVERSION = YES;
				CLANG_WARN_OBJC_IMPLICIT_RETAIN_SELF = YES;
				CLANG_WARN_OBJC_LITERAL_CONVERSION = YES;
				CLANG_WARN_OBJC_ROOT_CLASS = YES_ERROR;
				CLANG_WARN_QUOTED_INCLUDE_IN_FRAMEWORK_HEADER = YES;
				CLANG_WARN_RANGE_LOOP_ANALYSIS = YES;
				CLANG_WARN_STRICT_PROTOTYPES = YES;
				CLANG_WARN_SUSPICIOUS_MOVE = YES;
				CLANG_WARN_UNGUARDED_AVAILABILITY = YES_AGGRESSIVE;
				CLANG_WARN_UNREACHABLE_CODE = YES;
				CLANG_WARN__DUPLICATE_METHOD_MATCH = YES;
				COPY_PHASE_STRIP = NO;
				DEBUG_INFORMATION_FORMAT = "dwarf-with-dsym";
				ENABLE_NS_ASSERTIONS = NO;
				ENABLE_STRICT_OBJC_MSGSEND = YES;
				ENABLE_USER_SCRIPT_SANDBOXING = YES;
				GCC_C_LANGUAGE_STANDARD = gnu17;
				GCC_NO_COMMON_BLOCKS = YES;
				GCC_WARN_64_TO_32_BIT_CONVERSION = YES;
				GCC_WARN_ABOUT_RETURN_TYPE = YES_ERROR;
				GCC_WARN_UNDECLARED_SELECTOR = YES;
				GCC_WARN_UNINITIALIZED_AUTOS = YES_AGGRESSIVE;
				GCC_WARN_UNUSED_FUNCTION = YES;
				GCC_WARN_UNUSED_VARIABLE = YES;
				IPHONEOS_DEPLOYMENT_TARGET = 17.0;
				LOCALIZATION_PREFERS_STRING_CATALOGS = YES;
				MTL_ENABLE_DEBUG_INFO = NO;
				MTL_FAST_MATH = YES;
				SDKROOT = iphoneos;
				SWIFT_COMPILATION_MODE = wholemodule;
				VALIDATE_PRODUCT = YES;
			};
			name = Release;
		};
		4BCDE9A22B2BA04700B9D164 /* Debug */ = {
			isa = XCBuildConfiguration;
			buildSettings = {
				ASSETCATALOG_COMPILER_APPICON_NAME = AppIcon;
				ASSETCATALOG_COMPILER_GLOBAL_ACCENT_COLOR_NAME = AccentColor;
				CODE_SIGN_STYLE = Automatic;
				CURRENT_PROJECT_VERSION = 1;
				DEVELOPMENT_ASSET_PATHS = "\"Landmarks/Preview Content\"";
				DEVELOPMENT_TEAM = 4R6949GRZ7;
				ENABLE_PREVIEWS = YES;
				GENERATE_INFOPLIST_FILE = YES;
				INFOPLIST_KEY_UIApplicationSceneManifest_Generation = YES;
				INFOPLIST_KEY_UIApplicationSupportsIndirectInputEvents = YES;
				INFOPLIST_KEY_UILaunchScreen_Generation = YES;
				INFOPLIST_KEY_UISupportedInterfaceOrientations_iPad = "UIInterfaceOrientationPortrait UIInterfaceOrientationPortraitUpsideDown UIInterfaceOrientationLandscapeLeft UIInterfaceOrientationLandscapeRight";
				INFOPLIST_KEY_UISupportedInterfaceOrientations_iPhone = "UIInterfaceOrientationPortrait UIInterfaceOrientationLandscapeLeft UIInterfaceOrientationLandscapeRight";
				LD_RUNPATH_SEARCH_PATHS = (
					"$(inherited)",
					"@executable_path/Frameworks",
				);
				MARKETING_VERSION = 1.0;
				PRODUCT_BUNDLE_IDENTIFIER = com.ilyasbugra.Landmarks;
				PRODUCT_NAME = "$(TARGET_NAME)";
				SWIFT_EMIT_LOC_STRINGS = YES;
				SWIFT_VERSION = 5.0;
				TARGETED_DEVICE_FAMILY = "1,2";
			};
			name = Debug;
		};
		4BCDE9A32B2BA04700B9D164 /* Release */ = {
			isa = XCBuildConfiguration;
			buildSettings = {
				ASSETCATALOG_COMPILER_APPICON_NAME = AppIcon;
				ASSETCATALOG_COMPILER_GLOBAL_ACCENT_COLOR_NAME = AccentColor;
				CODE_SIGN_STYLE = Automatic;
				CURRENT_PROJECT_VERSION = 1;
				DEVELOPMENT_ASSET_PATHS = "\"Landmarks/Preview Content\"";
				DEVELOPMENT_TEAM = 4R6949GRZ7;
				ENABLE_PREVIEWS = YES;
				GENERATE_INFOPLIST_FILE = YES;
				INFOPLIST_KEY_UIApplicationSceneManifest_Generation = YES;
				INFOPLIST_KEY_UIApplicationSupportsIndirectInputEvents = YES;
				INFOPLIST_KEY_UILaunchScreen_Generation = YES;
				INFOPLIST_KEY_UISupportedInterfaceOrientations_iPad = "UIInterfaceOrientationPortrait UIInterfaceOrientationPortraitUpsideDown UIInterfaceOrientationLandscapeLeft UIInterfaceOrientationLandscapeRight";
				INFOPLIST_KEY_UISupportedInterfaceOrientations_iPhone = "UIInterfaceOrientationPortrait UIInterfaceOrientationLandscapeLeft UIInterfaceOrientationLandscapeRight";
				LD_RUNPATH_SEARCH_PATHS = (
					"$(inherited)",
					"@executable_path/Frameworks",
				);
				MARKETING_VERSION = 1.0;
				PRODUCT_BUNDLE_IDENTIFIER = com.ilyasbugra.Landmarks;
				PRODUCT_NAME = "$(TARGET_NAME)";
				SWIFT_EMIT_LOC_STRINGS = YES;
				SWIFT_VERSION = 5.0;
				TARGETED_DEVICE_FAMILY = "1,2";
			};
			name = Release;
		};
		4BCDE9A52B2BA04700B9D164 /* Debug */ = {
			isa = XCBuildConfiguration;
			buildSettings = {
				ALWAYS_EMBED_SWIFT_STANDARD_LIBRARIES = YES;
				BUNDLE_LOADER = "$(TEST_HOST)";
				CODE_SIGN_STYLE = Automatic;
				CURRENT_PROJECT_VERSION = 1;
				DEVELOPMENT_TEAM = 4R6949GRZ7;
				GENERATE_INFOPLIST_FILE = YES;
				IPHONEOS_DEPLOYMENT_TARGET = 17.0;
				MARKETING_VERSION = 1.0;
				PRODUCT_BUNDLE_IDENTIFIER = com.ilyasbugra.LandmarksTests;
				PRODUCT_NAME = "$(TARGET_NAME)";
				SWIFT_EMIT_LOC_STRINGS = NO;
				SWIFT_VERSION = 5.0;
				TARGETED_DEVICE_FAMILY = "1,2";
				TEST_HOST = "$(BUILT_PRODUCTS_DIR)/Landmarks.app/$(BUNDLE_EXECUTABLE_FOLDER_PATH)/Landmarks";
			};
			name = Debug;
		};
		4BCDE9A62B2BA04700B9D164 /* Release */ = {
			isa = XCBuildConfiguration;
			buildSettings = {
				ALWAYS_EMBED_SWIFT_STANDARD_LIBRARIES = YES;
				BUNDLE_LOADER = "$(TEST_HOST)";
				CODE_SIGN_STYLE = Automatic;
				CURRENT_PROJECT_VERSION = 1;
				DEVELOPMENT_TEAM = 4R6949GRZ7;
				GENERATE_INFOPLIST_FILE = YES;
				IPHONEOS_DEPLOYMENT_TARGET = 17.0;
				MARKETING_VERSION = 1.0;
				PRODUCT_BUNDLE_IDENTIFIER = com.ilyasbugra.LandmarksTests;
				PRODUCT_NAME = "$(TARGET_NAME)";
				SWIFT_EMIT_LOC_STRINGS = NO;
				SWIFT_VERSION = 5.0;
				TARGETED_DEVICE_FAMILY = "1,2";
				TEST_HOST = "$(BUILT_PRODUCTS_DIR)/Landmarks.app/$(BUNDLE_EXECUTABLE_FOLDER_PATH)/Landmarks";
			};
			name = Release;
		};
		4BCDE9A82B2BA04700B9D164 /* Debug */ = {
			isa = XCBuildConfiguration;
			buildSettings = {
				ALWAYS_EMBED_SWIFT_STANDARD_LIBRARIES = YES;
				CODE_SIGN_STYLE = Automatic;
				CURRENT_PROJECT_VERSION = 1;
				DEVELOPMENT_TEAM = 4R6949GRZ7;
				GENERATE_INFOPLIST_FILE = YES;
				MARKETING_VERSION = 1.0;
				PRODUCT_BUNDLE_IDENTIFIER = com.ilyasbugra.LandmarksUITests;
				PRODUCT_NAME = "$(TARGET_NAME)";
				SWIFT_EMIT_LOC_STRINGS = NO;
				SWIFT_VERSION = 5.0;
				TARGETED_DEVICE_FAMILY = "1,2";
				TEST_TARGET_NAME = Landmarks;
			};
			name = Debug;
		};
		4BCDE9A92B2BA04700B9D164 /* Release */ = {
			isa = XCBuildConfiguration;
			buildSettings = {
				ALWAYS_EMBED_SWIFT_STANDARD_LIBRARIES = YES;
				CODE_SIGN_STYLE = Automatic;
				CURRENT_PROJECT_VERSION = 1;
				DEVELOPMENT_TEAM = 4R6949GRZ7;
				GENERATE_INFOPLIST_FILE = YES;
				MARKETING_VERSION = 1.0;
				PRODUCT_BUNDLE_IDENTIFIER = com.ilyasbugra.LandmarksUITests;
				PRODUCT_NAME = "$(TARGET_NAME)";
				SWIFT_EMIT_LOC_STRINGS = NO;
				SWIFT_VERSION = 5.0;
				TARGETED_DEVICE_FAMILY = "1,2";
				TEST_TARGET_NAME = Landmarks;
			};
			name = Release;
		};
/* End XCBuildConfiguration section */

/* Begin XCConfigurationList section */
		4BCDE9782B2BA04100B9D164 /* Build configuration list for PBXProject "Landmarks" */ = {
			isa = XCConfigurationList;
			buildConfigurations = (
				4BCDE99F2B2BA04700B9D164 /* Debug */,
				4BCDE9A02B2BA04700B9D164 /* Release */,
			);
			defaultConfigurationIsVisible = 0;
			defaultConfigurationName = Release;
		};
		4BCDE9A12B2BA04700B9D164 /* Build configuration list for PBXNativeTarget "Landmarks" */ = {
			isa = XCConfigurationList;
			buildConfigurations = (
				4BCDE9A22B2BA04700B9D164 /* Debug */,
				4BCDE9A32B2BA04700B9D164 /* Release */,
			);
			defaultConfigurationIsVisible = 0;
			defaultConfigurationName = Release;
		};
		4BCDE9A42B2BA04700B9D164 /* Build configuration list for PBXNativeTarget "LandmarksTests" */ = {
			isa = XCConfigurationList;
			buildConfigurations = (
				4BCDE9A52B2BA04700B9D164 /* Debug */,
				4BCDE9A62B2BA04700B9D164 /* Release */,
			);
			defaultConfigurationIsVisible = 0;
			defaultConfigurationName = Release;
		};
		4BCDE9A72B2BA04700B9D164 /* Build configuration list for PBXNativeTarget "LandmarksUITests" */ = {
			isa = XCConfigurationList;
			buildConfigurations = (
				4BCDE9A82B2BA04700B9D164 /* Debug */,
				4BCDE9A92B2BA04700B9D164 /* Release */,
			);
			defaultConfigurationIsVisible = 0;
			defaultConfigurationName = Release;
		};
/* End XCConfigurationList section */
	};
	rootObject = 4BCDE9752B2BA04100B9D164 /* Project object */;
}
