// !$*UTF8*$!
{
	archiveVersion = 1;
	classes = {
	};
	objectVersion = 56;
	objects = {

/* Begin PBXBuildFile section */
		4B356E312B33336E008F7022 /* LandmarksApp.swift in Sources */ = {isa = PBXBuildFile; fileRef = 4BCDE9802B2BA04100B9D164 /* LandmarksApp.swift */; };
		4B356E322B33336E008F7022 /* ModelData.swift in Sources */ = {isa = PBXBuildFile; fileRef = 4B7B00C12B2E2E3B00F8DF78 /* ModelData.swift */; };
		4B356E332B33336E008F7022 /* Landmark.swift in Sources */ = {isa = PBXBuildFile; fileRef = 4BDD19372B2C04C5004E3B81 /* Landmark.swift */; };
		4B356E342B33336E008F7022 /* MapView.swift in Sources */ = {isa = PBXBuildFile; fileRef = 4BDD19162B2BFDD9004E3B81 /* MapView.swift */; };
		4B356E352B33336E008F7022 /* CircleImage.swift in Sources */ = {isa = PBXBuildFile; fileRef = 4BDD19142B2BE831004E3B81 /* CircleImage.swift */; };
		4B356E362B33336E008F7022 /* Profile.swift in Sources */ = {isa = PBXBuildFile; fileRef = 4BBA565A2B3177080092EEA9 /* Profile.swift */; };
		4B356E372B33336E008F7022 /* hikeData.json in Resources */ = {isa = PBXBuildFile; fileRef = 4B3595DA2B2F16720044E2C8 /* hikeData.json */; };
		4B356E382B33336E008F7022 /* Assets.xcassets in Resources */ = {isa = PBXBuildFile; fileRef = 4BCDE9842B2BA04600B9D164 /* Assets.xcassets */; };
		4B356E392B33336E008F7022 /* LandmarkRow.swift in Sources */ = {isa = PBXBuildFile; fileRef = 4B7B00C32B2E2FB900F8DF78 /* LandmarkRow.swift */; };
		4B356E3A2B33336E008F7022 /* landmarkData.json in Resources */ = {isa = PBXBuildFile; fileRef = 4BDD19282B2C0473004E3B81 /* landmarkData.json */; };
		4B356E3B2B33336E008F7022 /* Hike.swift in Sources */ = {isa = PBXBuildFile; fileRef = 4B3595DC2B2F169A0044E2C8 /* Hike.swift */; };
		4B356E3C2B33336E008F7022 /* LandmarkList.swift in Sources */ = {isa = PBXBuildFile; fileRef = 4B7B00C52B2E317F00F8DF78 /* LandmarkList.swift */; };
		4B356E402B333712008F7022 /* LandmarkDetail.swift in Sources */ = {isa = PBXBuildFile; fileRef = 4B356E3F2B333712008F7022 /* LandmarkDetail.swift */; };
		4B3595D52B2F02EC0044E2C8 /* RotatedBadgeSymbol.swift in Sources */ = {isa = PBXBuildFile; fileRef = 4B3595D42B2F02EC0044E2C8 /* RotatedBadgeSymbol.swift */; };
		4B3595D72B2F03DF0044E2C8 /* Badge.swift in Sources */ = {isa = PBXBuildFile; fileRef = 4B3595D62B2F03DF0044E2C8 /* Badge.swift */; };
		4B3595DB2B2F16720044E2C8 /* hikeData.json in Resources */ = {isa = PBXBuildFile; fileRef = 4B3595DA2B2F16720044E2C8 /* hikeData.json */; };
		4B3595DD2B2F169A0044E2C8 /* Hike.swift in Sources */ = {isa = PBXBuildFile; fileRef = 4B3595DC2B2F169A0044E2C8 /* Hike.swift */; };
		4B460B202B345CD100A0EFBC /* NotificationView.swift in Sources */ = {isa = PBXBuildFile; fileRef = 4B460B1F2B345CD100A0EFBC /* NotificationView.swift */; };
		4B460B222B34607600A0EFBC /* NotificationController.swift in Sources */ = {isa = PBXBuildFile; fileRef = 4B460B212B34607600A0EFBC /* NotificationController.swift */; };
		4B4674022B2EB2E8002299D9 /* FavoriteButton.swift in Sources */ = {isa = PBXBuildFile; fileRef = 4B4674012B2EB2E8002299D9 /* FavoriteButton.swift */; };
		4B495CAB2B372202003F8576 /* ContentView.swift in Sources */ = {isa = PBXBuildFile; fileRef = 4B495CAA2B372202003F8576 /* ContentView.swift */; };
		4B495CAD2B372204003F8576 /* Assets.xcassets in Resources */ = {isa = PBXBuildFile; fileRef = 4B495CAC2B372204003F8576 /* Assets.xcassets */; };
		4B495CB02B372204003F8576 /* Preview Assets.xcassets in Resources */ = {isa = PBXBuildFile; fileRef = 4B495CAF2B372204003F8576 /* Preview Assets.xcassets */; };
		4B495CBB2B372205003F8576 /* MacLandmarksTests.swift in Sources */ = {isa = PBXBuildFile; fileRef = 4B495CBA2B372205003F8576 /* MacLandmarksTests.swift */; };
		4B495CC52B372205003F8576 /* MacLandmarksUITests.swift in Sources */ = {isa = PBXBuildFile; fileRef = 4B495CC42B372205003F8576 /* MacLandmarksUITests.swift */; };
		4B495CC72B372205003F8576 /* MacLandmarksUITestsLaunchTests.swift in Sources */ = {isa = PBXBuildFile; fileRef = 4B495CC62B372205003F8576 /* MacLandmarksUITestsLaunchTests.swift */; };
		4B495CD12B37245D003F8576 /* LandmarkList.swift in Sources */ = {isa = PBXBuildFile; fileRef = 4B7B00C52B2E317F00F8DF78 /* LandmarkList.swift */; };
		4B495CD22B37245D003F8576 /* MapView.swift in Sources */ = {isa = PBXBuildFile; fileRef = 4BDD19162B2BFDD9004E3B81 /* MapView.swift */; };
		4B495CD32B37245D003F8576 /* Assets.xcassets in Resources */ = {isa = PBXBuildFile; fileRef = 4BCDE9842B2BA04600B9D164 /* Assets.xcassets */; };
		4B495CD42B37245D003F8576 /* hikeData.json in Resources */ = {isa = PBXBuildFile; fileRef = 4B3595DA2B2F16720044E2C8 /* hikeData.json */; };
		4B495CD52B37245D003F8576 /* ModelData.swift in Sources */ = {isa = PBXBuildFile; fileRef = 4B7B00C12B2E2E3B00F8DF78 /* ModelData.swift */; };
		4B495CD62B37245D003F8576 /* Landmark.swift in Sources */ = {isa = PBXBuildFile; fileRef = 4BDD19372B2C04C5004E3B81 /* Landmark.swift */; };
		4B495CD72B37245D003F8576 /* FavoriteButton.swift in Sources */ = {isa = PBXBuildFile; fileRef = 4B4674012B2EB2E8002299D9 /* FavoriteButton.swift */; };
		4B495CD82B37245D003F8576 /* Profile.swift in Sources */ = {isa = PBXBuildFile; fileRef = 4BBA565A2B3177080092EEA9 /* Profile.swift */; };
		4B495CD92B37245D003F8576 /* landmarkData.json in Resources */ = {isa = PBXBuildFile; fileRef = 4BDD19282B2C0473004E3B81 /* landmarkData.json */; };
		4B495CDA2B37245D003F8576 /* CircleImage.swift in Sources */ = {isa = PBXBuildFile; fileRef = 4BDD19142B2BE831004E3B81 /* CircleImage.swift */; };
		4B495CDB2B37245D003F8576 /* LandmarksApp.swift in Sources */ = {isa = PBXBuildFile; fileRef = 4BCDE9802B2BA04100B9D164 /* LandmarksApp.swift */; };
		4B495CDC2B37245D003F8576 /* LandmarkRow.swift in Sources */ = {isa = PBXBuildFile; fileRef = 4B7B00C32B2E2FB900F8DF78 /* LandmarkRow.swift */; };
		4B495CDD2B37245D003F8576 /* Hike.swift in Sources */ = {isa = PBXBuildFile; fileRef = 4B3595DC2B2F169A0044E2C8 /* Hike.swift */; };
		4B495CDF2B372AA1003F8576 /* LandmarkDetail.swift in Sources */ = {isa = PBXBuildFile; fileRef = 4B495CDE2B372AA1003F8576 /* LandmarkDetail.swift */; };
		4B7B00C22B2E2E3B00F8DF78 /* ModelData.swift in Sources */ = {isa = PBXBuildFile; fileRef = 4B7B00C12B2E2E3B00F8DF78 /* ModelData.swift */; };
		4B7B00C42B2E2FB900F8DF78 /* LandmarkRow.swift in Sources */ = {isa = PBXBuildFile; fileRef = 4B7B00C32B2E2FB900F8DF78 /* LandmarkRow.swift */; };
		4B7B00C62B2E317F00F8DF78 /* LandmarkList.swift in Sources */ = {isa = PBXBuildFile; fileRef = 4B7B00C52B2E317F00F8DF78 /* LandmarkList.swift */; };
		4B7B00C82B2E323F00F8DF78 /* LandmarkDetail.swift in Sources */ = {isa = PBXBuildFile; fileRef = 4B7B00C72B2E323F00F8DF78 /* LandmarkDetail.swift */; };
		4BA588C02B2EE58B0012847A /* BadgeBackground.swift in Sources */ = {isa = PBXBuildFile; fileRef = 4BA588BF2B2EE58B0012847A /* BadgeBackground.swift */; };
		4BA588C22B2EEE490012847A /* BadgeSymbol.swift in Sources */ = {isa = PBXBuildFile; fileRef = 4BA588C12B2EEE490012847A /* BadgeSymbol.swift */; };
		4BBA564F2B31321E0092EEA9 /* HexagonParameters.swift in Sources */ = {isa = PBXBuildFile; fileRef = 4BBA564E2B31321E0092EEA9 /* HexagonParameters.swift */; };
		4BBA56542B3133E50092EEA9 /* CategoryHome.swift in Sources */ = {isa = PBXBuildFile; fileRef = 4BBA56532B3133E50092EEA9 /* CategoryHome.swift */; };
		4BBA56572B31368B0092EEA9 /* CategoryRow.swift in Sources */ = {isa = PBXBuildFile; fileRef = 4BBA56562B31368B0092EEA9 /* CategoryRow.swift */; };
		4BBA56592B3138C40092EEA9 /* CategoryItem.swift in Sources */ = {isa = PBXBuildFile; fileRef = 4BBA56582B3138C40092EEA9 /* CategoryItem.swift */; };
		4BBA565B2B3177080092EEA9 /* Profile.swift in Sources */ = {isa = PBXBuildFile; fileRef = 4BBA565A2B3177080092EEA9 /* Profile.swift */; };
		4BBA565E2B3178CA0092EEA9 /* ProfileHost.swift in Sources */ = {isa = PBXBuildFile; fileRef = 4BBA565D2B3178CA0092EEA9 /* ProfileHost.swift */; };
		4BBA56602B3179430092EEA9 /* ProfileSummary.swift in Sources */ = {isa = PBXBuildFile; fileRef = 4BBA565F2B3179430092EEA9 /* ProfileSummary.swift */; };
		4BBA56622B317AD30092EEA9 /* HikeBadge.swift in Sources */ = {isa = PBXBuildFile; fileRef = 4BBA56612B317AD30092EEA9 /* HikeBadge.swift */; };
		4BBA56642B31895E0092EEA9 /* ProfileEditor.swift in Sources */ = {isa = PBXBuildFile; fileRef = 4BBA56632B31895E0092EEA9 /* ProfileEditor.swift */; };
		4BBA56672B3193FD0092EEA9 /* PageViewController.swift in Sources */ = {isa = PBXBuildFile; fileRef = 4BBA56662B3193FD0092EEA9 /* PageViewController.swift */; };
		4BBA56692B3196B60092EEA9 /* FeatureCard.swift in Sources */ = {isa = PBXBuildFile; fileRef = 4BBA56682B3196B60092EEA9 /* FeatureCard.swift */; };
		4BBA566C2B31974F0092EEA9 /* TextOverlay.swift in Sources */ = {isa = PBXBuildFile; fileRef = 4BBA566B2B31974F0092EEA9 /* TextOverlay.swift */; };
		4BBA566E2B31990C0092EEA9 /* PageView.swift in Sources */ = {isa = PBXBuildFile; fileRef = 4BBA566D2B31990C0092EEA9 /* PageView.swift */; };
		4BBA56702B31BC8D0092EEA9 /* PageControl.swift in Sources */ = {isa = PBXBuildFile; fileRef = 4BBA566F2B31BC8D0092EEA9 /* PageControl.swift */; };
		4BBA567A2B31C7010092EEA9 /* ContentView.swift in Sources */ = {isa = PBXBuildFile; fileRef = 4BBA56792B31C7010092EEA9 /* ContentView.swift */; };
		4BBA567C2B31C7040092EEA9 /* Assets.xcassets in Resources */ = {isa = PBXBuildFile; fileRef = 4BBA567B2B31C7040092EEA9 /* Assets.xcassets */; };
		4BBA567F2B31C7040092EEA9 /* Preview Assets.xcassets in Resources */ = {isa = PBXBuildFile; fileRef = 4BBA567E2B31C7040092EEA9 /* Preview Assets.xcassets */; };
		4BBA56892B31C7040092EEA9 /* WatchLandmarks_Watch_AppTests.swift in Sources */ = {isa = PBXBuildFile; fileRef = 4BBA56882B31C7040092EEA9 /* WatchLandmarks_Watch_AppTests.swift */; };
		4BBA56932B31C7040092EEA9 /* WatchLandmarks_Watch_AppUITests.swift in Sources */ = {isa = PBXBuildFile; fileRef = 4BBA56922B31C7040092EEA9 /* WatchLandmarks_Watch_AppUITests.swift */; };
		4BBA56952B31C7040092EEA9 /* WatchLandmarks_Watch_AppUITestsLaunchTests.swift in Sources */ = {isa = PBXBuildFile; fileRef = 4BBA56942B31C7040092EEA9 /* WatchLandmarks_Watch_AppUITestsLaunchTests.swift */; };
		4BBA56982B31C7040092EEA9 /* WatchLandmarks Watch App.app in Embed Watch Content */ = {isa = PBXBuildFile; fileRef = 4BBA56752B31C7010092EEA9 /* WatchLandmarks Watch App.app */; settings = {ATTRIBUTES = (RemoveHeadersOnCopy, ); }; };
		4BCDE9812B2BA04100B9D164 /* LandmarksApp.swift in Sources */ = {isa = PBXBuildFile; fileRef = 4BCDE9802B2BA04100B9D164 /* LandmarksApp.swift */; };
		4BCDE9832B2BA04100B9D164 /* ContentView.swift in Sources */ = {isa = PBXBuildFile; fileRef = 4BCDE9822B2BA04100B9D164 /* ContentView.swift */; };
		4BCDE9852B2BA04600B9D164 /* Assets.xcassets in Resources */ = {isa = PBXBuildFile; fileRef = 4BCDE9842B2BA04600B9D164 /* Assets.xcassets */; };
		4BCDE9882B2BA04600B9D164 /* Preview Assets.xcassets in Resources */ = {isa = PBXBuildFile; fileRef = 4BCDE9872B2BA04600B9D164 /* Preview Assets.xcassets */; };
		4BCDE9922B2BA04600B9D164 /* LandmarksTests.swift in Sources */ = {isa = PBXBuildFile; fileRef = 4BCDE9912B2BA04600B9D164 /* LandmarksTests.swift */; };
		4BCDE99C2B2BA04700B9D164 /* LandmarksUITests.swift in Sources */ = {isa = PBXBuildFile; fileRef = 4BCDE99B2B2BA04700B9D164 /* LandmarksUITests.swift */; };
		4BCDE99E2B2BA04700B9D164 /* LandmarksUITestsLaunchTests.swift in Sources */ = {isa = PBXBuildFile; fileRef = 4BCDE99D2B2BA04700B9D164 /* LandmarksUITestsLaunchTests.swift */; };
		4BCE714E2B2F221600C5466B /* GraphCapsule.swift in Sources */ = {isa = PBXBuildFile; fileRef = 4BCE714A2B2F221600C5466B /* GraphCapsule.swift */; };
		4BCE714F2B2F221600C5466B /* HikeGraph.swift in Sources */ = {isa = PBXBuildFile; fileRef = 4BCE714B2B2F221600C5466B /* HikeGraph.swift */; };
		4BCE71502B2F221600C5466B /* HikeDetail.swift in Sources */ = {isa = PBXBuildFile; fileRef = 4BCE714C2B2F221600C5466B /* HikeDetail.swift */; };
		4BCE71512B2F221600C5466B /* HikeView.swift in Sources */ = {isa = PBXBuildFile; fileRef = 4BCE714D2B2F221600C5466B /* HikeView.swift */; };
		4BDD19152B2BE831004E3B81 /* CircleImage.swift in Sources */ = {isa = PBXBuildFile; fileRef = 4BDD19142B2BE831004E3B81 /* CircleImage.swift */; };
		4BDD19172B2BFDD9004E3B81 /* MapView.swift in Sources */ = {isa = PBXBuildFile; fileRef = 4BDD19162B2BFDD9004E3B81 /* MapView.swift */; };
		4BDD19352B2C0473004E3B81 /* landmarkData.json in Resources */ = {isa = PBXBuildFile; fileRef = 4BDD19282B2C0473004E3B81 /* landmarkData.json */; };
		4BDD19382B2C04C5004E3B81 /* Landmark.swift in Sources */ = {isa = PBXBuildFile; fileRef = 4BDD19372B2C04C5004E3B81 /* Landmark.swift */; };
/* End PBXBuildFile section */

/* Begin PBXContainerItemProxy section */
		4B495CB72B372205003F8576 /* PBXContainerItemProxy */ = {
			isa = PBXContainerItemProxy;
			containerPortal = 4BCDE9752B2BA04100B9D164 /* Project object */;
			proxyType = 1;
			remoteGlobalIDString = 4B495CA52B372202003F8576;
			remoteInfo = MacLandmarks;
		};
		4B495CC12B372205003F8576 /* PBXContainerItemProxy */ = {
			isa = PBXContainerItemProxy;
			containerPortal = 4BCDE9752B2BA04100B9D164 /* Project object */;
			proxyType = 1;
			remoteGlobalIDString = 4B495CA52B372202003F8576;
			remoteInfo = MacLandmarks;
		};
		4BBA56852B31C7040092EEA9 /* PBXContainerItemProxy */ = {
			isa = PBXContainerItemProxy;
			containerPortal = 4BCDE9752B2BA04100B9D164 /* Project object */;
			proxyType = 1;
			remoteGlobalIDString = 4BBA56742B31C7010092EEA9;
			remoteInfo = "WatchLandmarks Watch App";
		};
		4BBA568F2B31C7040092EEA9 /* PBXContainerItemProxy */ = {
			isa = PBXContainerItemProxy;
			containerPortal = 4BCDE9752B2BA04100B9D164 /* Project object */;
			proxyType = 1;
			remoteGlobalIDString = 4BBA56742B31C7010092EEA9;
			remoteInfo = "WatchLandmarks Watch App";
		};
		4BBA56962B31C7040092EEA9 /* PBXContainerItemProxy */ = {
			isa = PBXContainerItemProxy;
			containerPortal = 4BCDE9752B2BA04100B9D164 /* Project object */;
			proxyType = 1;
			remoteGlobalIDString = 4BBA56742B31C7010092EEA9;
			remoteInfo = "WatchLandmarks Watch App";
		};
		4BCDE98E2B2BA04600B9D164 /* PBXContainerItemProxy */ = {
			isa = PBXContainerItemProxy;
			containerPortal = 4BCDE9752B2BA04100B9D164 /* Project object */;
			proxyType = 1;
			remoteGlobalIDString = 4BCDE97C2B2BA04100B9D164;
			remoteInfo = Landmarks;
		};
		4BCDE9982B2BA04700B9D164 /* PBXContainerItemProxy */ = {
			isa = PBXContainerItemProxy;
			containerPortal = 4BCDE9752B2BA04100B9D164 /* Project object */;
			proxyType = 1;
			remoteGlobalIDString = 4BCDE97C2B2BA04100B9D164;
			remoteInfo = Landmarks;
		};
/* End PBXContainerItemProxy section */

/* Begin PBXCopyFilesBuildPhase section */
		4BBA56992B31C7040092EEA9 /* Embed Watch Content */ = {
			isa = PBXCopyFilesBuildPhase;
			buildActionMask = 2147483647;
			dstPath = "$(CONTENTS_FOLDER_PATH)/Watch";
			dstSubfolderSpec = 16;
			files = (
				4BBA56982B31C7040092EEA9 /* WatchLandmarks Watch App.app in Embed Watch Content */,
			);
			name = "Embed Watch Content";
			runOnlyForDeploymentPostprocessing = 0;
		};
/* End PBXCopyFilesBuildPhase section */

/* Begin PBXFileReference section */
		4B356E3F2B333712008F7022 /* LandmarkDetail.swift */ = {isa = PBXFileReference; lastKnownFileType = sourcecode.swift; path = LandmarkDetail.swift; sourceTree = "<group>"; };
		4B3595D42B2F02EC0044E2C8 /* RotatedBadgeSymbol.swift */ = {isa = PBXFileReference; lastKnownFileType = sourcecode.swift; path = RotatedBadgeSymbol.swift; sourceTree = "<group>"; };
		4B3595D62B2F03DF0044E2C8 /* Badge.swift */ = {isa = PBXFileReference; lastKnownFileType = sourcecode.swift; path = Badge.swift; sourceTree = "<group>"; };
		4B3595DA2B2F16720044E2C8 /* hikeData.json */ = {isa = PBXFileReference; fileEncoding = 4; lastKnownFileType = text.json; path = hikeData.json; sourceTree = "<group>"; };
		4B3595DC2B2F169A0044E2C8 /* Hike.swift */ = {isa = PBXFileReference; lastKnownFileType = sourcecode.swift; path = Hike.swift; sourceTree = "<group>"; };
		4B460B1F2B345CD100A0EFBC /* NotificationView.swift */ = {isa = PBXFileReference; lastKnownFileType = sourcecode.swift; path = NotificationView.swift; sourceTree = "<group>"; };
		4B460B212B34607600A0EFBC /* NotificationController.swift */ = {isa = PBXFileReference; lastKnownFileType = sourcecode.swift; path = NotificationController.swift; sourceTree = "<group>"; };
		4B4674012B2EB2E8002299D9 /* FavoriteButton.swift */ = {isa = PBXFileReference; lastKnownFileType = sourcecode.swift; path = FavoriteButton.swift; sourceTree = "<group>"; };
		4B495CA12B370803003F8576 /* PushNotificationPayload.apns */ = {isa = PBXFileReference; lastKnownFileType = text; path = PushNotificationPayload.apns; sourceTree = "<group>"; };
		4B495CA62B372202003F8576 /* MacLandmarks.app */ = {isa = PBXFileReference; explicitFileType = wrapper.application; includeInIndex = 0; path = MacLandmarks.app; sourceTree = BUILT_PRODUCTS_DIR; };
		4B495CAA2B372202003F8576 /* ContentView.swift */ = {isa = PBXFileReference; lastKnownFileType = sourcecode.swift; path = ContentView.swift; sourceTree = "<group>"; };
		4B495CAC2B372204003F8576 /* Assets.xcassets */ = {isa = PBXFileReference; lastKnownFileType = folder.assetcatalog; path = Assets.xcassets; sourceTree = "<group>"; };
		4B495CAF2B372204003F8576 /* Preview Assets.xcassets */ = {isa = PBXFileReference; lastKnownFileType = folder.assetcatalog; path = "Preview Assets.xcassets"; sourceTree = "<group>"; };
		4B495CB12B372204003F8576 /* MacLandmarks.entitlements */ = {isa = PBXFileReference; lastKnownFileType = text.plist.entitlements; path = MacLandmarks.entitlements; sourceTree = "<group>"; };
		4B495CB62B372205003F8576 /* MacLandmarksTests.xctest */ = {isa = PBXFileReference; explicitFileType = wrapper.cfbundle; includeInIndex = 0; path = MacLandmarksTests.xctest; sourceTree = BUILT_PRODUCTS_DIR; };
		4B495CBA2B372205003F8576 /* MacLandmarksTests.swift */ = {isa = PBXFileReference; lastKnownFileType = sourcecode.swift; path = MacLandmarksTests.swift; sourceTree = "<group>"; };
		4B495CC02B372205003F8576 /* MacLandmarksUITests.xctest */ = {isa = PBXFileReference; explicitFileType = wrapper.cfbundle; includeInIndex = 0; path = MacLandmarksUITests.xctest; sourceTree = BUILT_PRODUCTS_DIR; };
		4B495CC42B372205003F8576 /* MacLandmarksUITests.swift */ = {isa = PBXFileReference; lastKnownFileType = sourcecode.swift; path = MacLandmarksUITests.swift; sourceTree = "<group>"; };
		4B495CC62B372205003F8576 /* MacLandmarksUITestsLaunchTests.swift */ = {isa = PBXFileReference; lastKnownFileType = sourcecode.swift; path = MacLandmarksUITestsLaunchTests.swift; sourceTree = "<group>"; };
		4B495CDE2B372AA1003F8576 /* LandmarkDetail.swift */ = {isa = PBXFileReference; lastKnownFileType = sourcecode.swift; path = LandmarkDetail.swift; sourceTree = "<group>"; };
		4B7B00C12B2E2E3B00F8DF78 /* ModelData.swift */ = {isa = PBXFileReference; lastKnownFileType = sourcecode.swift; path = ModelData.swift; sourceTree = "<group>"; };
		4B7B00C32B2E2FB900F8DF78 /* LandmarkRow.swift */ = {isa = PBXFileReference; lastKnownFileType = sourcecode.swift; path = LandmarkRow.swift; sourceTree = "<group>"; };
		4B7B00C52B2E317F00F8DF78 /* LandmarkList.swift */ = {isa = PBXFileReference; lastKnownFileType = sourcecode.swift; path = LandmarkList.swift; sourceTree = "<group>"; };
		4B7B00C72B2E323F00F8DF78 /* LandmarkDetail.swift */ = {isa = PBXFileReference; lastKnownFileType = sourcecode.swift; path = LandmarkDetail.swift; sourceTree = "<group>"; };
		4BA588BF2B2EE58B0012847A /* BadgeBackground.swift */ = {isa = PBXFileReference; lastKnownFileType = sourcecode.swift; path = BadgeBackground.swift; sourceTree = "<group>"; };
		4BA588C12B2EEE490012847A /* BadgeSymbol.swift */ = {isa = PBXFileReference; lastKnownFileType = sourcecode.swift; path = BadgeSymbol.swift; sourceTree = "<group>"; };
		4BBA564E2B31321E0092EEA9 /* HexagonParameters.swift */ = {isa = PBXFileReference; fileEncoding = 4; lastKnownFileType = sourcecode.swift; path = HexagonParameters.swift; sourceTree = "<group>"; };
		4BBA56532B3133E50092EEA9 /* CategoryHome.swift */ = {isa = PBXFileReference; lastKnownFileType = sourcecode.swift; path = CategoryHome.swift; sourceTree = "<group>"; };
		4BBA56562B31368B0092EEA9 /* CategoryRow.swift */ = {isa = PBXFileReference; lastKnownFileType = sourcecode.swift; path = CategoryRow.swift; sourceTree = "<group>"; };
		4BBA56582B3138C40092EEA9 /* CategoryItem.swift */ = {isa = PBXFileReference; lastKnownFileType = sourcecode.swift; path = CategoryItem.swift; sourceTree = "<group>"; };
		4BBA565A2B3177080092EEA9 /* Profile.swift */ = {isa = PBXFileReference; lastKnownFileType = sourcecode.swift; path = Profile.swift; sourceTree = "<group>"; };
		4BBA565D2B3178CA0092EEA9 /* ProfileHost.swift */ = {isa = PBXFileReference; lastKnownFileType = sourcecode.swift; path = ProfileHost.swift; sourceTree = "<group>"; };
		4BBA565F2B3179430092EEA9 /* ProfileSummary.swift */ = {isa = PBXFileReference; lastKnownFileType = sourcecode.swift; path = ProfileSummary.swift; sourceTree = "<group>"; };
		4BBA56612B317AD30092EEA9 /* HikeBadge.swift */ = {isa = PBXFileReference; lastKnownFileType = sourcecode.swift; path = HikeBadge.swift; sourceTree = "<group>"; };
		4BBA56632B31895E0092EEA9 /* ProfileEditor.swift */ = {isa = PBXFileReference; lastKnownFileType = sourcecode.swift; path = ProfileEditor.swift; sourceTree = "<group>"; };
		4BBA56662B3193FD0092EEA9 /* PageViewController.swift */ = {isa = PBXFileReference; lastKnownFileType = sourcecode.swift; path = PageViewController.swift; sourceTree = "<group>"; };
		4BBA56682B3196B60092EEA9 /* FeatureCard.swift */ = {isa = PBXFileReference; lastKnownFileType = sourcecode.swift; path = FeatureCard.swift; sourceTree = "<group>"; };
		4BBA566B2B31974F0092EEA9 /* TextOverlay.swift */ = {isa = PBXFileReference; lastKnownFileType = sourcecode.swift; path = TextOverlay.swift; sourceTree = "<group>"; };
		4BBA566D2B31990C0092EEA9 /* PageView.swift */ = {isa = PBXFileReference; lastKnownFileType = sourcecode.swift; path = PageView.swift; sourceTree = "<group>"; };
		4BBA566F2B31BC8D0092EEA9 /* PageControl.swift */ = {isa = PBXFileReference; lastKnownFileType = sourcecode.swift; path = PageControl.swift; sourceTree = "<group>"; };
		4BBA56752B31C7010092EEA9 /* WatchLandmarks Watch App.app */ = {isa = PBXFileReference; explicitFileType = wrapper.application; includeInIndex = 0; path = "WatchLandmarks Watch App.app"; sourceTree = BUILT_PRODUCTS_DIR; };
		4BBA56792B31C7010092EEA9 /* ContentView.swift */ = {isa = PBXFileReference; lastKnownFileType = sourcecode.swift; path = ContentView.swift; sourceTree = "<group>"; };
		4BBA567B2B31C7040092EEA9 /* Assets.xcassets */ = {isa = PBXFileReference; lastKnownFileType = folder.assetcatalog; path = Assets.xcassets; sourceTree = "<group>"; };
		4BBA567E2B31C7040092EEA9 /* Preview Assets.xcassets */ = {isa = PBXFileReference; lastKnownFileType = folder.assetcatalog; path = "Preview Assets.xcassets"; sourceTree = "<group>"; };
		4BBA56842B31C7040092EEA9 /* WatchLandmarks Watch AppTests.xctest */ = {isa = PBXFileReference; explicitFileType = wrapper.cfbundle; includeInIndex = 0; path = "WatchLandmarks Watch AppTests.xctest"; sourceTree = BUILT_PRODUCTS_DIR; };
		4BBA56882B31C7040092EEA9 /* WatchLandmarks_Watch_AppTests.swift */ = {isa = PBXFileReference; lastKnownFileType = sourcecode.swift; path = WatchLandmarks_Watch_AppTests.swift; sourceTree = "<group>"; };
		4BBA568E2B31C7040092EEA9 /* WatchLandmarks Watch AppUITests.xctest */ = {isa = PBXFileReference; explicitFileType = wrapper.cfbundle; includeInIndex = 0; path = "WatchLandmarks Watch AppUITests.xctest"; sourceTree = BUILT_PRODUCTS_DIR; };
		4BBA56922B31C7040092EEA9 /* WatchLandmarks_Watch_AppUITests.swift */ = {isa = PBXFileReference; lastKnownFileType = sourcecode.swift; path = WatchLandmarks_Watch_AppUITests.swift; sourceTree = "<group>"; };
		4BBA56942B31C7040092EEA9 /* WatchLandmarks_Watch_AppUITestsLaunchTests.swift */ = {isa = PBXFileReference; lastKnownFileType = sourcecode.swift; path = WatchLandmarks_Watch_AppUITestsLaunchTests.swift; sourceTree = "<group>"; };
		4BCDE97D2B2BA04100B9D164 /* Landmarks.app */ = {isa = PBXFileReference; explicitFileType = wrapper.application; includeInIndex = 0; path = Landmarks.app; sourceTree = BUILT_PRODUCTS_DIR; };
		4BCDE9802B2BA04100B9D164 /* LandmarksApp.swift */ = {isa = PBXFileReference; lastKnownFileType = sourcecode.swift; path = LandmarksApp.swift; sourceTree = "<group>"; };
		4BCDE9822B2BA04100B9D164 /* ContentView.swift */ = {isa = PBXFileReference; lastKnownFileType = sourcecode.swift; path = ContentView.swift; sourceTree = "<group>"; };
		4BCDE9842B2BA04600B9D164 /* Assets.xcassets */ = {isa = PBXFileReference; lastKnownFileType = folder.assetcatalog; path = Assets.xcassets; sourceTree = "<group>"; };
		4BCDE9872B2BA04600B9D164 /* Preview Assets.xcassets */ = {isa = PBXFileReference; lastKnownFileType = folder.assetcatalog; path = "Preview Assets.xcassets"; sourceTree = "<group>"; };
		4BCDE98D2B2BA04600B9D164 /* LandmarksTests.xctest */ = {isa = PBXFileReference; explicitFileType = wrapper.cfbundle; includeInIndex = 0; path = LandmarksTests.xctest; sourceTree = BUILT_PRODUCTS_DIR; };
		4BCDE9912B2BA04600B9D164 /* LandmarksTests.swift */ = {isa = PBXFileReference; lastKnownFileType = sourcecode.swift; path = LandmarksTests.swift; sourceTree = "<group>"; };
		4BCDE9972B2BA04700B9D164 /* LandmarksUITests.xctest */ = {isa = PBXFileReference; explicitFileType = wrapper.cfbundle; includeInIndex = 0; path = LandmarksUITests.xctest; sourceTree = BUILT_PRODUCTS_DIR; };
		4BCDE99B2B2BA04700B9D164 /* LandmarksUITests.swift */ = {isa = PBXFileReference; lastKnownFileType = sourcecode.swift; path = LandmarksUITests.swift; sourceTree = "<group>"; };
		4BCDE99D2B2BA04700B9D164 /* LandmarksUITestsLaunchTests.swift */ = {isa = PBXFileReference; lastKnownFileType = sourcecode.swift; path = LandmarksUITestsLaunchTests.swift; sourceTree = "<group>"; };
		4BCE714A2B2F221600C5466B /* GraphCapsule.swift */ = {isa = PBXFileReference; fileEncoding = 4; lastKnownFileType = sourcecode.swift; path = GraphCapsule.swift; sourceTree = "<group>"; };
		4BCE714B2B2F221600C5466B /* HikeGraph.swift */ = {isa = PBXFileReference; fileEncoding = 4; lastKnownFileType = sourcecode.swift; path = HikeGraph.swift; sourceTree = "<group>"; };
		4BCE714C2B2F221600C5466B /* HikeDetail.swift */ = {isa = PBXFileReference; fileEncoding = 4; lastKnownFileType = sourcecode.swift; path = HikeDetail.swift; sourceTree = "<group>"; };
		4BCE714D2B2F221600C5466B /* HikeView.swift */ = {isa = PBXFileReference; fileEncoding = 4; lastKnownFileType = sourcecode.swift; path = HikeView.swift; sourceTree = "<group>"; };
		4BDD19142B2BE831004E3B81 /* CircleImage.swift */ = {isa = PBXFileReference; lastKnownFileType = sourcecode.swift; path = CircleImage.swift; sourceTree = "<group>"; };
		4BDD19162B2BFDD9004E3B81 /* MapView.swift */ = {isa = PBXFileReference; lastKnownFileType = sourcecode.swift; path = MapView.swift; sourceTree = "<group>"; };
		4BDD19282B2C0473004E3B81 /* landmarkData.json */ = {isa = PBXFileReference; fileEncoding = 4; lastKnownFileType = text.json; path = landmarkData.json; sourceTree = "<group>"; };
		4BDD19372B2C04C5004E3B81 /* Landmark.swift */ = {isa = PBXFileReference; lastKnownFileType = sourcecode.swift; path = Landmark.swift; sourceTree = "<group>"; };
/* End PBXFileReference section */

/* Begin PBXFrameworksBuildPhase section */
		4B495CA32B372202003F8576 /* Frameworks */ = {
			isa = PBXFrameworksBuildPhase;
			buildActionMask = 2147483647;
			files = (
			);
			runOnlyForDeploymentPostprocessing = 0;
		};
		4B495CB32B372205003F8576 /* Frameworks */ = {
			isa = PBXFrameworksBuildPhase;
			buildActionMask = 2147483647;
			files = (
			);
			runOnlyForDeploymentPostprocessing = 0;
		};
		4B495CBD2B372205003F8576 /* Frameworks */ = {
			isa = PBXFrameworksBuildPhase;
			buildActionMask = 2147483647;
			files = (
			);
			runOnlyForDeploymentPostprocessing = 0;
		};
		4BBA56722B31C7010092EEA9 /* Frameworks */ = {
			isa = PBXFrameworksBuildPhase;
			buildActionMask = 2147483647;
			files = (
			);
			runOnlyForDeploymentPostprocessing = 0;
		};
		4BBA56812B31C7040092EEA9 /* Frameworks */ = {
			isa = PBXFrameworksBuildPhase;
			buildActionMask = 2147483647;
			files = (
			);
			runOnlyForDeploymentPostprocessing = 0;
		};
		4BBA568B2B31C7040092EEA9 /* Frameworks */ = {
			isa = PBXFrameworksBuildPhase;
			buildActionMask = 2147483647;
			files = (
			);
			runOnlyForDeploymentPostprocessing = 0;
		};
		4BCDE97A2B2BA04100B9D164 /* Frameworks */ = {
			isa = PBXFrameworksBuildPhase;
			buildActionMask = 2147483647;
			files = (
			);
			runOnlyForDeploymentPostprocessing = 0;
		};
		4BCDE98A2B2BA04600B9D164 /* Frameworks */ = {
			isa = PBXFrameworksBuildPhase;
			buildActionMask = 2147483647;
			files = (
			);
			runOnlyForDeploymentPostprocessing = 0;
		};
		4BCDE9942B2BA04700B9D164 /* Frameworks */ = {
			isa = PBXFrameworksBuildPhase;
			buildActionMask = 2147483647;
			files = (
			);
			runOnlyForDeploymentPostprocessing = 0;
		};
/* End PBXFrameworksBuildPhase section */

/* Begin PBXGroup section */
		4B3595D82B2F03F40044E2C8 /* Badge */ = {
			isa = PBXGroup;
			children = (
				4B3595D92B2F04160044E2C8 /* Helpers */,
				4B3595D62B2F03DF0044E2C8 /* Badge.swift */,
			);
			path = Badge;
			sourceTree = "<group>";
		};
		4B3595D92B2F04160044E2C8 /* Helpers */ = {
			isa = PBXGroup;
			children = (
				4BBA564E2B31321E0092EEA9 /* HexagonParameters.swift */,
				4BA588BF2B2EE58B0012847A /* BadgeBackground.swift */,
				4BA588C12B2EEE490012847A /* BadgeSymbol.swift */,
				4B3595D42B2F02EC0044E2C8 /* RotatedBadgeSymbol.swift */,
			);
			path = Helpers;
			sourceTree = "<group>";
		};
		4B4674032B2EB51D002299D9 /* Helpers */ = {
			isa = PBXGroup;
			children = (
				4BDD19142B2BE831004E3B81 /* CircleImage.swift */,
				4BDD19162B2BFDD9004E3B81 /* MapView.swift */,
				4B4674012B2EB2E8002299D9 /* FavoriteButton.swift */,
			);
			path = Helpers;
			sourceTree = "<group>";
		};
		4B4674042B2EB54A002299D9 /* Landmarks */ = {
			isa = PBXGroup;
			children = (
				4B4674032B2EB51D002299D9 /* Helpers */,
				4B7B00C32B2E2FB900F8DF78 /* LandmarkRow.swift */,
				4B7B00C52B2E317F00F8DF78 /* LandmarkList.swift */,
				4B7B00C72B2E323F00F8DF78 /* LandmarkDetail.swift */,
			);
			path = Landmarks;
			sourceTree = "<group>";
		};
		4B495CA72B372202003F8576 /* MacLandmarks */ = {
			isa = PBXGroup;
			children = (
				4B495CAA2B372202003F8576 /* ContentView.swift */,
				4B495CAC2B372204003F8576 /* Assets.xcassets */,
				4B495CB12B372204003F8576 /* MacLandmarks.entitlements */,
				4B495CAE2B372204003F8576 /* Preview Content */,
				4B495CDE2B372AA1003F8576 /* LandmarkDetail.swift */,
			);
			path = MacLandmarks;
			sourceTree = "<group>";
		};
		4B495CAE2B372204003F8576 /* Preview Content */ = {
			isa = PBXGroup;
			children = (
				4B495CAF2B372204003F8576 /* Preview Assets.xcassets */,
			);
			path = "Preview Content";
			sourceTree = "<group>";
		};
		4B495CB92B372205003F8576 /* MacLandmarksTests */ = {
			isa = PBXGroup;
			children = (
				4B495CBA2B372205003F8576 /* MacLandmarksTests.swift */,
			);
			path = MacLandmarksTests;
			sourceTree = "<group>";
		};
		4B495CC32B372205003F8576 /* MacLandmarksUITests */ = {
			isa = PBXGroup;
			children = (
				4B495CC42B372205003F8576 /* MacLandmarksUITests.swift */,
				4B495CC62B372205003F8576 /* MacLandmarksUITestsLaunchTests.swift */,
			);
			path = MacLandmarksUITests;
			sourceTree = "<group>";
		};
		4BBA56502B31324E0092EEA9 /* Categories */ = {
			isa = PBXGroup;
			children = (
				4BBA56552B3136800092EEA9 /* Helpers */,
				4BBA56532B3133E50092EEA9 /* CategoryHome.swift */,
			);
			path = Categories;
			sourceTree = "<group>";
		};
		4BBA56552B3136800092EEA9 /* Helpers */ = {
			isa = PBXGroup;
			children = (
				4BBA56562B31368B0092EEA9 /* CategoryRow.swift */,
				4BBA56582B3138C40092EEA9 /* CategoryItem.swift */,
			);
			path = Helpers;
			sourceTree = "<group>";
		};
		4BBA565C2B3178AB0092EEA9 /* Profiles */ = {
			isa = PBXGroup;
			children = (
				4BBA565D2B3178CA0092EEA9 /* ProfileHost.swift */,
				4BBA565F2B3179430092EEA9 /* ProfileSummary.swift */,
				4BBA56632B31895E0092EEA9 /* ProfileEditor.swift */,
			);
			path = Profiles;
			sourceTree = "<group>";
		};
		4BBA56652B3193D50092EEA9 /* PageView */ = {
			isa = PBXGroup;
			children = (
				4BBA566A2B3197430092EEA9 /* Helpers */,
				4BBA566D2B31990C0092EEA9 /* PageView.swift */,
			);
			path = PageView;
			sourceTree = "<group>";
		};
		4BBA566A2B3197430092EEA9 /* Helpers */ = {
			isa = PBXGroup;
			children = (
				4BBA56662B3193FD0092EEA9 /* PageViewController.swift */,
				4BBA566B2B31974F0092EEA9 /* TextOverlay.swift */,
				4BBA56682B3196B60092EEA9 /* FeatureCard.swift */,
				4BBA566F2B31BC8D0092EEA9 /* PageControl.swift */,
			);
			path = Helpers;
			sourceTree = "<group>";
		};
		4BBA56762B31C7010092EEA9 /* WatchLandmarks Watch App */ = {
			isa = PBXGroup;
			children = (
				4BBA56792B31C7010092EEA9 /* ContentView.swift */,
				4BBA567B2B31C7040092EEA9 /* Assets.xcassets */,
				4BBA567D2B31C7040092EEA9 /* Preview Content */,
				4B356E3F2B333712008F7022 /* LandmarkDetail.swift */,
				4B460B1F2B345CD100A0EFBC /* NotificationView.swift */,
				4B460B212B34607600A0EFBC /* NotificationController.swift */,
				4B495CA12B370803003F8576 /* PushNotificationPayload.apns */,
			);
			path = "WatchLandmarks Watch App";
			sourceTree = "<group>";
		};
		4BBA567D2B31C7040092EEA9 /* Preview Content */ = {
			isa = PBXGroup;
			children = (
				4BBA567E2B31C7040092EEA9 /* Preview Assets.xcassets */,
			);
			path = "Preview Content";
			sourceTree = "<group>";
		};
		4BBA56872B31C7040092EEA9 /* WatchLandmarks Watch AppTests */ = {
			isa = PBXGroup;
			children = (
				4BBA56882B31C7040092EEA9 /* WatchLandmarks_Watch_AppTests.swift */,
			);
			path = "WatchLandmarks Watch AppTests";
			sourceTree = "<group>";
		};
		4BBA56912B31C7040092EEA9 /* WatchLandmarks Watch AppUITests */ = {
			isa = PBXGroup;
			children = (
				4BBA56922B31C7040092EEA9 /* WatchLandmarks_Watch_AppUITests.swift */,
				4BBA56942B31C7040092EEA9 /* WatchLandmarks_Watch_AppUITestsLaunchTests.swift */,
			);
			path = "WatchLandmarks Watch AppUITests";
			sourceTree = "<group>";
		};
		4BCDE9742B2BA04100B9D164 = {
			isa = PBXGroup;
			children = (
				4BCDE97F2B2BA04100B9D164 /* Landmarks */,
				4BCDE9902B2BA04600B9D164 /* LandmarksTests */,
				4BCDE99A2B2BA04700B9D164 /* LandmarksUITests */,
				4BBA56762B31C7010092EEA9 /* WatchLandmarks Watch App */,
				4BBA56872B31C7040092EEA9 /* WatchLandmarks Watch AppTests */,
				4BBA56912B31C7040092EEA9 /* WatchLandmarks Watch AppUITests */,
				4B495CA72B372202003F8576 /* MacLandmarks */,
				4B495CB92B372205003F8576 /* MacLandmarksTests */,
				4B495CC32B372205003F8576 /* MacLandmarksUITests */,
				4BCDE97E2B2BA04100B9D164 /* Products */,
			);
			sourceTree = "<group>";
		};
		4BCDE97E2B2BA04100B9D164 /* Products */ = {
			isa = PBXGroup;
			children = (
				4BCDE97D2B2BA04100B9D164 /* Landmarks.app */,
				4BCDE98D2B2BA04600B9D164 /* LandmarksTests.xctest */,
				4BCDE9972B2BA04700B9D164 /* LandmarksUITests.xctest */,
				4BBA56752B31C7010092EEA9 /* WatchLandmarks Watch App.app */,
				4BBA56842B31C7040092EEA9 /* WatchLandmarks Watch AppTests.xctest */,
				4BBA568E2B31C7040092EEA9 /* WatchLandmarks Watch AppUITests.xctest */,
				4B495CA62B372202003F8576 /* MacLandmarks.app */,
				4B495CB62B372205003F8576 /* MacLandmarksTests.xctest */,
				4B495CC02B372205003F8576 /* MacLandmarksUITests.xctest */,
			);
			name = Products;
			sourceTree = "<group>";
		};
		4BCDE97F2B2BA04100B9D164 /* Landmarks */ = {
			isa = PBXGroup;
			children = (
				4BDD19362B2C04B8004E3B81 /* Models */,
				4BDD19192B2C0473004E3B81 /* Resources */,
				4BDD19132B2BDCAE004E3B81 /* Views */,
				4BCDE9802B2BA04100B9D164 /* LandmarksApp.swift */,
				4BCDE9842B2BA04600B9D164 /* Assets.xcassets */,
				4BCDE9862B2BA04600B9D164 /* Preview Content */,
			);
			path = Landmarks;
			sourceTree = "<group>";
		};
		4BCDE9862B2BA04600B9D164 /* Preview Content */ = {
			isa = PBXGroup;
			children = (
				4BCDE9872B2BA04600B9D164 /* Preview Assets.xcassets */,
			);
			path = "Preview Content";
			sourceTree = "<group>";
		};
		4BCDE9902B2BA04600B9D164 /* LandmarksTests */ = {
			isa = PBXGroup;
			children = (
				4BCDE9912B2BA04600B9D164 /* LandmarksTests.swift */,
			);
			path = LandmarksTests;
			sourceTree = "<group>";
		};
		4BCDE99A2B2BA04700B9D164 /* LandmarksUITests */ = {
			isa = PBXGroup;
			children = (
				4BCDE99B2B2BA04700B9D164 /* LandmarksUITests.swift */,
				4BCDE99D2B2BA04700B9D164 /* LandmarksUITestsLaunchTests.swift */,
			);
			path = LandmarksUITests;
			sourceTree = "<group>";
		};
		4BCE71492B2F221600C5466B /* Hikes */ = {
			isa = PBXGroup;
			children = (
				4BCE714A2B2F221600C5466B /* GraphCapsule.swift */,
				4BCE714B2B2F221600C5466B /* HikeGraph.swift */,
				4BCE714C2B2F221600C5466B /* HikeDetail.swift */,
				4BCE714D2B2F221600C5466B /* HikeView.swift */,
				4BBA56612B317AD30092EEA9 /* HikeBadge.swift */,
			);
			path = Hikes;
			sourceTree = "<group>";
		};
		4BDD19132B2BDCAE004E3B81 /* Views */ = {
			isa = PBXGroup;
			children = (
				4BBA56652B3193D50092EEA9 /* PageView */,
				4BBA565C2B3178AB0092EEA9 /* Profiles */,
				4BBA56502B31324E0092EEA9 /* Categories */,
				4BCE71492B2F221600C5466B /* Hikes */,
				4B3595D82B2F03F40044E2C8 /* Badge */,
				4BCDE9822B2BA04100B9D164 /* ContentView.swift */,
				4B4674042B2EB54A002299D9 /* Landmarks */,
			);
			path = Views;
			sourceTree = "<group>";
		};
		4BDD19192B2C0473004E3B81 /* Resources */ = {
			isa = PBXGroup;
			children = (
				4B3595DA2B2F16720044E2C8 /* hikeData.json */,
				4BDD19282B2C0473004E3B81 /* landmarkData.json */,
			);
			path = Resources;
			sourceTree = "<group>";
		};
		4BDD19362B2C04B8004E3B81 /* Models */ = {
			isa = PBXGroup;
			children = (
				4BDD19372B2C04C5004E3B81 /* Landmark.swift */,
				4B7B00C12B2E2E3B00F8DF78 /* ModelData.swift */,
				4B3595DC2B2F169A0044E2C8 /* Hike.swift */,
				4BBA565A2B3177080092EEA9 /* Profile.swift */,
			);
			path = Models;
			sourceTree = "<group>";
		};
/* End PBXGroup section */

/* Begin PBXNativeTarget section */
		4B495CA52B372202003F8576 /* MacLandmarks */ = {
			isa = PBXNativeTarget;
			buildConfigurationList = 4B495CCE2B372205003F8576 /* Build configuration list for PBXNativeTarget "MacLandmarks" */;
			buildPhases = (
				4B495CA22B372202003F8576 /* Sources */,
				4B495CA32B372202003F8576 /* Frameworks */,
				4B495CA42B372202003F8576 /* Resources */,
			);
			buildRules = (
			);
			dependencies = (
			);
			name = MacLandmarks;
			productName = MacLandmarks;
			productReference = 4B495CA62B372202003F8576 /* MacLandmarks.app */;
			productType = "com.apple.product-type.application";
		};
		4B495CB52B372205003F8576 /* MacLandmarksTests */ = {
			isa = PBXNativeTarget;
			buildConfigurationList = 4B495CCF2B372205003F8576 /* Build configuration list for PBXNativeTarget "MacLandmarksTests" */;
			buildPhases = (
				4B495CB22B372205003F8576 /* Sources */,
				4B495CB32B372205003F8576 /* Frameworks */,
				4B495CB42B372205003F8576 /* Resources */,
			);
			buildRules = (
			);
			dependencies = (
				4B495CB82B372205003F8576 /* PBXTargetDependency */,
			);
			name = MacLandmarksTests;
			productName = MacLandmarksTests;
			productReference = 4B495CB62B372205003F8576 /* MacLandmarksTests.xctest */;
			productType = "com.apple.product-type.bundle.unit-test";
		};
		4B495CBF2B372205003F8576 /* MacLandmarksUITests */ = {
			isa = PBXNativeTarget;
			buildConfigurationList = 4B495CD02B372205003F8576 /* Build configuration list for PBXNativeTarget "MacLandmarksUITests" */;
			buildPhases = (
				4B495CBC2B372205003F8576 /* Sources */,
				4B495CBD2B372205003F8576 /* Frameworks */,
				4B495CBE2B372205003F8576 /* Resources */,
			);
			buildRules = (
			);
			dependencies = (
				4B495CC22B372205003F8576 /* PBXTargetDependency */,
			);
			name = MacLandmarksUITests;
			productName = MacLandmarksUITests;
			productReference = 4B495CC02B372205003F8576 /* MacLandmarksUITests.xctest */;
			productType = "com.apple.product-type.bundle.ui-testing";
		};
		4BBA56742B31C7010092EEA9 /* WatchLandmarks Watch App */ = {
			isa = PBXNativeTarget;
			buildConfigurationList = 4BBA56A02B31C7040092EEA9 /* Build configuration list for PBXNativeTarget "WatchLandmarks Watch App" */;
			buildPhases = (
				4BBA56712B31C7010092EEA9 /* Sources */,
				4BBA56722B31C7010092EEA9 /* Frameworks */,
				4BBA56732B31C7010092EEA9 /* Resources */,
			);
			buildRules = (
			);
			dependencies = (
			);
			name = "WatchLandmarks Watch App";
			productName = "WatchLandmarks Watch App";
			productReference = 4BBA56752B31C7010092EEA9 /* WatchLandmarks Watch App.app */;
			productType = "com.apple.product-type.application";
		};
		4BBA56832B31C7040092EEA9 /* WatchLandmarks Watch AppTests */ = {
			isa = PBXNativeTarget;
			buildConfigurationList = 4BBA56A12B31C7040092EEA9 /* Build configuration list for PBXNativeTarget "WatchLandmarks Watch AppTests" */;
			buildPhases = (
				4BBA56802B31C7040092EEA9 /* Sources */,
				4BBA56812B31C7040092EEA9 /* Frameworks */,
				4BBA56822B31C7040092EEA9 /* Resources */,
			);
			buildRules = (
			);
			dependencies = (
				4BBA56862B31C7040092EEA9 /* PBXTargetDependency */,
			);
			name = "WatchLandmarks Watch AppTests";
			productName = "WatchLandmarks Watch AppTests";
			productReference = 4BBA56842B31C7040092EEA9 /* WatchLandmarks Watch AppTests.xctest */;
			productType = "com.apple.product-type.bundle.unit-test";
		};
		4BBA568D2B31C7040092EEA9 /* WatchLandmarks Watch AppUITests */ = {
			isa = PBXNativeTarget;
			buildConfigurationList = 4BBA56A22B31C7040092EEA9 /* Build configuration list for PBXNativeTarget "WatchLandmarks Watch AppUITests" */;
			buildPhases = (
				4BBA568A2B31C7040092EEA9 /* Sources */,
				4BBA568B2B31C7040092EEA9 /* Frameworks */,
				4BBA568C2B31C7040092EEA9 /* Resources */,
			);
			buildRules = (
			);
			dependencies = (
				4BBA56902B31C7040092EEA9 /* PBXTargetDependency */,
			);
			name = "WatchLandmarks Watch AppUITests";
			productName = "WatchLandmarks Watch AppUITests";
			productReference = 4BBA568E2B31C7040092EEA9 /* WatchLandmarks Watch AppUITests.xctest */;
			productType = "com.apple.product-type.bundle.ui-testing";
		};
		4BCDE97C2B2BA04100B9D164 /* Landmarks */ = {
			isa = PBXNativeTarget;
			buildConfigurationList = 4BCDE9A12B2BA04700B9D164 /* Build configuration list for PBXNativeTarget "Landmarks" */;
			buildPhases = (
				4BCDE9792B2BA04100B9D164 /* Sources */,
				4BCDE97A2B2BA04100B9D164 /* Frameworks */,
				4BCDE97B2B2BA04100B9D164 /* Resources */,
				4BBA56992B31C7040092EEA9 /* Embed Watch Content */,
			);
			buildRules = (
			);
			dependencies = (
				4BBA56972B31C7040092EEA9 /* PBXTargetDependency */,
			);
			name = Landmarks;
			productName = Landmarks;
			productReference = 4BCDE97D2B2BA04100B9D164 /* Landmarks.app */;
			productType = "com.apple.product-type.application";
		};
		4BCDE98C2B2BA04600B9D164 /* LandmarksTests */ = {
			isa = PBXNativeTarget;
			buildConfigurationList = 4BCDE9A42B2BA04700B9D164 /* Build configuration list for PBXNativeTarget "LandmarksTests" */;
			buildPhases = (
				4BCDE9892B2BA04600B9D164 /* Sources */,
				4BCDE98A2B2BA04600B9D164 /* Frameworks */,
				4BCDE98B2B2BA04600B9D164 /* Resources */,
			);
			buildRules = (
			);
			dependencies = (
				4BCDE98F2B2BA04600B9D164 /* PBXTargetDependency */,
			);
			name = LandmarksTests;
			productName = LandmarksTests;
			productReference = 4BCDE98D2B2BA04600B9D164 /* LandmarksTests.xctest */;
			productType = "com.apple.product-type.bundle.unit-test";
		};
		4BCDE9962B2BA04700B9D164 /* LandmarksUITests */ = {
			isa = PBXNativeTarget;
			buildConfigurationList = 4BCDE9A72B2BA04700B9D164 /* Build configuration list for PBXNativeTarget "LandmarksUITests" */;
			buildPhases = (
				4BCDE9932B2BA04700B9D164 /* Sources */,
				4BCDE9942B2BA04700B9D164 /* Frameworks */,
				4BCDE9952B2BA04700B9D164 /* Resources */,
			);
			buildRules = (
			);
			dependencies = (
				4BCDE9992B2BA04700B9D164 /* PBXTargetDependency */,
			);
			name = LandmarksUITests;
			productName = LandmarksUITests;
			productReference = 4BCDE9972B2BA04700B9D164 /* LandmarksUITests.xctest */;
			productType = "com.apple.product-type.bundle.ui-testing";
		};
/* End PBXNativeTarget section */

/* Begin PBXProject section */
		4BCDE9752B2BA04100B9D164 /* Project object */ = {
			isa = PBXProject;
			attributes = {
				BuildIndependentTargetsInParallel = 1;
				LastSwiftUpdateCheck = 1510;
				LastUpgradeCheck = 1500;
				TargetAttributes = {
					4B495CA52B372202003F8576 = {
						CreatedOnToolsVersion = 15.1;
					};
					4B495CB52B372205003F8576 = {
						CreatedOnToolsVersion = 15.1;
						TestTargetID = 4B495CA52B372202003F8576;
					};
					4B495CBF2B372205003F8576 = {
						CreatedOnToolsVersion = 15.1;
						TestTargetID = 4B495CA52B372202003F8576;
					};
					4BBA56742B31C7010092EEA9 = {
						CreatedOnToolsVersion = 15.1;
					};
					4BBA56832B31C7040092EEA9 = {
						CreatedOnToolsVersion = 15.1;
						TestTargetID = 4BBA56742B31C7010092EEA9;
					};
					4BBA568D2B31C7040092EEA9 = {
						CreatedOnToolsVersion = 15.1;
						TestTargetID = 4BBA56742B31C7010092EEA9;
					};
					4BCDE97C2B2BA04100B9D164 = {
						CreatedOnToolsVersion = 15.0.1;
					};
					4BCDE98C2B2BA04600B9D164 = {
						CreatedOnToolsVersion = 15.0.1;
						TestTargetID = 4BCDE97C2B2BA04100B9D164;
					};
					4BCDE9962B2BA04700B9D164 = {
						CreatedOnToolsVersion = 15.0.1;
						TestTargetID = 4BCDE97C2B2BA04100B9D164;
					};
				};
			};
			buildConfigurationList = 4BCDE9782B2BA04100B9D164 /* Build configuration list for PBXProject "Landmarks" */;
			compatibilityVersion = "Xcode 14.0";
			developmentRegion = en;
			hasScannedForEncodings = 0;
			knownRegions = (
				en,
				Base,
			);
			mainGroup = 4BCDE9742B2BA04100B9D164;
			productRefGroup = 4BCDE97E2B2BA04100B9D164 /* Products */;
			projectDirPath = "";
			projectRoot = "";
			targets = (
				4BCDE97C2B2BA04100B9D164 /* Landmarks */,
				4BCDE98C2B2BA04600B9D164 /* LandmarksTests */,
				4BCDE9962B2BA04700B9D164 /* LandmarksUITests */,
				4BBA56742B31C7010092EEA9 /* WatchLandmarks Watch App */,
				4BBA56832B31C7040092EEA9 /* WatchLandmarks Watch AppTests */,
				4BBA568D2B31C7040092EEA9 /* WatchLandmarks Watch AppUITests */,
				4B495CA52B372202003F8576 /* MacLandmarks */,
				4B495CB52B372205003F8576 /* MacLandmarksTests */,
				4B495CBF2B372205003F8576 /* MacLandmarksUITests */,
			);
		};
/* End PBXProject section */

/* Begin PBXResourcesBuildPhase section */
		4B495CA42B372202003F8576 /* Resources */ = {
			isa = PBXResourcesBuildPhase;
			buildActionMask = 2147483647;
			files = (
				4B495CD42B37245D003F8576 /* hikeData.json in Resources */,
				4B495CB02B372204003F8576 /* Preview Assets.xcassets in Resources */,
				4B495CD32B37245D003F8576 /* Assets.xcassets in Resources */,
				4B495CD92B37245D003F8576 /* landmarkData.json in Resources */,
				4B495CAD2B372204003F8576 /* Assets.xcassets in Resources */,
			);
			runOnlyForDeploymentPostprocessing = 0;
		};
		4B495CB42B372205003F8576 /* Resources */ = {
			isa = PBXResourcesBuildPhase;
			buildActionMask = 2147483647;
			files = (
			);
			runOnlyForDeploymentPostprocessing = 0;
		};
		4B495CBE2B372205003F8576 /* Resources */ = {
			isa = PBXResourcesBuildPhase;
			buildActionMask = 2147483647;
			files = (
			);
			runOnlyForDeploymentPostprocessing = 0;
		};
		4BBA56732B31C7010092EEA9 /* Resources */ = {
			isa = PBXResourcesBuildPhase;
			buildActionMask = 2147483647;
			files = (
				4BBA567F2B31C7040092EEA9 /* Preview Assets.xcassets in Resources */,
				4B356E372B33336E008F7022 /* hikeData.json in Resources */,
				4B356E382B33336E008F7022 /* Assets.xcassets in Resources */,
				4B356E3A2B33336E008F7022 /* landmarkData.json in Resources */,
				4BBA567C2B31C7040092EEA9 /* Assets.xcassets in Resources */,
			);
			runOnlyForDeploymentPostprocessing = 0;
		};
		4BBA56822B31C7040092EEA9 /* Resources */ = {
			isa = PBXResourcesBuildPhase;
			buildActionMask = 2147483647;
			files = (
			);
			runOnlyForDeploymentPostprocessing = 0;
		};
		4BBA568C2B31C7040092EEA9 /* Resources */ = {
			isa = PBXResourcesBuildPhase;
			buildActionMask = 2147483647;
			files = (
			);
			runOnlyForDeploymentPostprocessing = 0;
		};
		4BCDE97B2B2BA04100B9D164 /* Resources */ = {
			isa = PBXResourcesBuildPhase;
			buildActionMask = 2147483647;
			files = (
				4B3595DB2B2F16720044E2C8 /* hikeData.json in Resources */,
				4BCDE9882B2BA04600B9D164 /* Preview Assets.xcassets in Resources */,
				4BDD19352B2C0473004E3B81 /* landmarkData.json in Resources */,
				4BCDE9852B2BA04600B9D164 /* Assets.xcassets in Resources */,
			);
			runOnlyForDeploymentPostprocessing = 0;
		};
		4BCDE98B2B2BA04600B9D164 /* Resources */ = {
			isa = PBXResourcesBuildPhase;
			buildActionMask = 2147483647;
			files = (
			);
			runOnlyForDeploymentPostprocessing = 0;
		};
		4BCDE9952B2BA04700B9D164 /* Resources */ = {
			isa = PBXResourcesBuildPhase;
			buildActionMask = 2147483647;
			files = (
			);
			runOnlyForDeploymentPostprocessing = 0;
		};
/* End PBXResourcesBuildPhase section */

/* Begin PBXSourcesBuildPhase section */
		4B495CA22B372202003F8576 /* Sources */ = {
			isa = PBXSourcesBuildPhase;
			buildActionMask = 2147483647;
			files = (
				4B495CAB2B372202003F8576 /* ContentView.swift in Sources */,
				4B495CDA2B37245D003F8576 /* CircleImage.swift in Sources */,
				4B495CD52B37245D003F8576 /* ModelData.swift in Sources */,
				4B495CD22B37245D003F8576 /* MapView.swift in Sources */,
				4B495CDF2B372AA1003F8576 /* LandmarkDetail.swift in Sources */,
				4B495CDD2B37245D003F8576 /* Hike.swift in Sources */,
				4B495CDB2B37245D003F8576 /* LandmarksApp.swift in Sources */,
				4B495CD82B37245D003F8576 /* Profile.swift in Sources */,
				4B495CD72B37245D003F8576 /* FavoriteButton.swift in Sources */,
				4B495CD12B37245D003F8576 /* LandmarkList.swift in Sources */,
				4B495CDC2B37245D003F8576 /* LandmarkRow.swift in Sources */,
				4B495CD62B37245D003F8576 /* Landmark.swift in Sources */,
			);
			runOnlyForDeploymentPostprocessing = 0;
		};
		4B495CB22B372205003F8576 /* Sources */ = {
			isa = PBXSourcesBuildPhase;
			buildActionMask = 2147483647;
			files = (
				4B495CBB2B372205003F8576 /* MacLandmarksTests.swift in Sources */,
			);
			runOnlyForDeploymentPostprocessing = 0;
		};
		4B495CBC2B372205003F8576 /* Sources */ = {
			isa = PBXSourcesBuildPhase;
			buildActionMask = 2147483647;
			files = (
				4B495CC72B372205003F8576 /* MacLandmarksUITestsLaunchTests.swift in Sources */,
				4B495CC52B372205003F8576 /* MacLandmarksUITests.swift in Sources */,
			);
			runOnlyForDeploymentPostprocessing = 0;
		};
		4BBA56712B31C7010092EEA9 /* Sources */ = {
			isa = PBXSourcesBuildPhase;
			buildActionMask = 2147483647;
			files = (
				4BBA567A2B31C7010092EEA9 /* ContentView.swift in Sources */,
				4B356E312B33336E008F7022 /* LandmarksApp.swift in Sources */,
				4B356E342B33336E008F7022 /* MapView.swift in Sources */,
				4B356E362B33336E008F7022 /* Profile.swift in Sources */,
				4B356E322B33336E008F7022 /* ModelData.swift in Sources */,
				4B356E332B33336E008F7022 /* Landmark.swift in Sources */,
				4B356E3B2B33336E008F7022 /* Hike.swift in Sources */,
				4B356E392B33336E008F7022 /* LandmarkRow.swift in Sources */,
				4B356E352B33336E008F7022 /* CircleImage.swift in Sources */,
				4B460B222B34607600A0EFBC /* NotificationController.swift in Sources */,
				4B356E3C2B33336E008F7022 /* LandmarkList.swift in Sources */,
				4B356E402B333712008F7022 /* LandmarkDetail.swift in Sources */,
				4B460B202B345CD100A0EFBC /* NotificationView.swift in Sources */,
			);
			runOnlyForDeploymentPostprocessing = 0;
		};
		4BBA56802B31C7040092EEA9 /* Sources */ = {
			isa = PBXSourcesBuildPhase;
			buildActionMask = 2147483647;
			files = (
				4BBA56892B31C7040092EEA9 /* WatchLandmarks_Watch_AppTests.swift in Sources */,
			);
			runOnlyForDeploymentPostprocessing = 0;
		};
		4BBA568A2B31C7040092EEA9 /* Sources */ = {
			isa = PBXSourcesBuildPhase;
			buildActionMask = 2147483647;
			files = (
				4BBA56952B31C7040092EEA9 /* WatchLandmarks_Watch_AppUITestsLaunchTests.swift in Sources */,
				4BBA56932B31C7040092EEA9 /* WatchLandmarks_Watch_AppUITests.swift in Sources */,
			);
			runOnlyForDeploymentPostprocessing = 0;
		};
		4BCDE9792B2BA04100B9D164 /* Sources */ = {
			isa = PBXSourcesBuildPhase;
			buildActionMask = 2147483647;
			files = (
				4BBA56572B31368B0092EEA9 /* CategoryRow.swift in Sources */,
				4BBA566E2B31990C0092EEA9 /* PageView.swift in Sources */,
				4BBA565B2B3177080092EEA9 /* Profile.swift in Sources */,
				4BBA564F2B31321E0092EEA9 /* HexagonParameters.swift in Sources */,
				4BCDE9832B2BA04100B9D164 /* ContentView.swift in Sources */,
				4BBA56692B3196B60092EEA9 /* FeatureCard.swift in Sources */,
				4BCE714F2B2F221600C5466B /* HikeGraph.swift in Sources */,
				4BBA56542B3133E50092EEA9 /* CategoryHome.swift in Sources */,
				4BBA56702B31BC8D0092EEA9 /* PageControl.swift in Sources */,
				4B3595D72B2F03DF0044E2C8 /* Badge.swift in Sources */,
				4BDD19172B2BFDD9004E3B81 /* MapView.swift in Sources */,
				4BCE714E2B2F221600C5466B /* GraphCapsule.swift in Sources */,
				4BCDE9812B2BA04100B9D164 /* LandmarksApp.swift in Sources */,
				4BBA56592B3138C40092EEA9 /* CategoryItem.swift in Sources */,
				4B4674022B2EB2E8002299D9 /* FavoriteButton.swift in Sources */,
				4BBA56602B3179430092EEA9 /* ProfileSummary.swift in Sources */,
				4BCE71502B2F221600C5466B /* HikeDetail.swift in Sources */,
				4BBA565E2B3178CA0092EEA9 /* ProfileHost.swift in Sources */,
				4B3595DD2B2F169A0044E2C8 /* Hike.swift in Sources */,
				4B3595D52B2F02EC0044E2C8 /* RotatedBadgeSymbol.swift in Sources */,
				4BA588C22B2EEE490012847A /* BadgeSymbol.swift in Sources */,
				4BBA56642B31895E0092EEA9 /* ProfileEditor.swift in Sources */,
				4B7B00C62B2E317F00F8DF78 /* LandmarkList.swift in Sources */,
				4BCE71512B2F221600C5466B /* HikeView.swift in Sources */,
				4B7B00C82B2E323F00F8DF78 /* LandmarkDetail.swift in Sources */,
				4BBA56672B3193FD0092EEA9 /* PageViewController.swift in Sources */,
				4BA588C02B2EE58B0012847A /* BadgeBackground.swift in Sources */,
				4BBA566C2B31974F0092EEA9 /* TextOverlay.swift in Sources */,
				4BBA56622B317AD30092EEA9 /* HikeBadge.swift in Sources */,
				4BDD19152B2BE831004E3B81 /* CircleImage.swift in Sources */,
				4BDD19382B2C04C5004E3B81 /* Landmark.swift in Sources */,
				4B7B00C42B2E2FB900F8DF78 /* LandmarkRow.swift in Sources */,
				4B7B00C22B2E2E3B00F8DF78 /* ModelData.swift in Sources */,
			);
			runOnlyForDeploymentPostprocessing = 0;
		};
		4BCDE9892B2BA04600B9D164 /* Sources */ = {
			isa = PBXSourcesBuildPhase;
			buildActionMask = 2147483647;
			files = (
				4BCDE9922B2BA04600B9D164 /* LandmarksTests.swift in Sources */,
			);
			runOnlyForDeploymentPostprocessing = 0;
		};
		4BCDE9932B2BA04700B9D164 /* Sources */ = {
			isa = PBXSourcesBuildPhase;
			buildActionMask = 2147483647;
			files = (
				4BCDE99E2B2BA04700B9D164 /* LandmarksUITestsLaunchTests.swift in Sources */,
				4BCDE99C2B2BA04700B9D164 /* LandmarksUITests.swift in Sources */,
			);
			runOnlyForDeploymentPostprocessing = 0;
		};
/* End PBXSourcesBuildPhase section */

/* Begin PBXTargetDependency section */
		4B495CB82B372205003F8576 /* PBXTargetDependency */ = {
			isa = PBXTargetDependency;
			target = 4B495CA52B372202003F8576 /* MacLandmarks */;
			targetProxy = 4B495CB72B372205003F8576 /* PBXContainerItemProxy */;
		};
		4B495CC22B372205003F8576 /* PBXTargetDependency */ = {
			isa = PBXTargetDependency;
			target = 4B495CA52B372202003F8576 /* MacLandmarks */;
			targetProxy = 4B495CC12B372205003F8576 /* PBXContainerItemProxy */;
		};
		4BBA56862B31C7040092EEA9 /* PBXTargetDependency */ = {
			isa = PBXTargetDependency;
			target = 4BBA56742B31C7010092EEA9 /* WatchLandmarks Watch App */;
			targetProxy = 4BBA56852B31C7040092EEA9 /* PBXContainerItemProxy */;
		};
		4BBA56902B31C7040092EEA9 /* PBXTargetDependency */ = {
			isa = PBXTargetDependency;
			target = 4BBA56742B31C7010092EEA9 /* WatchLandmarks Watch App */;
			targetProxy = 4BBA568F2B31C7040092EEA9 /* PBXContainerItemProxy */;
		};
		4BBA56972B31C7040092EEA9 /* PBXTargetDependency */ = {
			isa = PBXTargetDependency;
			target = 4BBA56742B31C7010092EEA9 /* WatchLandmarks Watch App */;
			targetProxy = 4BBA56962B31C7040092EEA9 /* PBXContainerItemProxy */;
		};
		4BCDE98F2B2BA04600B9D164 /* PBXTargetDependency */ = {
			isa = PBXTargetDependency;
			target = 4BCDE97C2B2BA04100B9D164 /* Landmarks */;
			targetProxy = 4BCDE98E2B2BA04600B9D164 /* PBXContainerItemProxy */;
		};
		4BCDE9992B2BA04700B9D164 /* PBXTargetDependency */ = {
			isa = PBXTargetDependency;
			target = 4BCDE97C2B2BA04100B9D164 /* Landmarks */;
			targetProxy = 4BCDE9982B2BA04700B9D164 /* PBXContainerItemProxy */;
		};
/* End PBXTargetDependency section */

/* Begin XCBuildConfiguration section */
		4B495CC82B372205003F8576 /* Debug */ = {
			isa = XCBuildConfiguration;
			buildSettings = {
				ASSETCATALOG_COMPILER_APPICON_NAME = AppIcon;
				ASSETCATALOG_COMPILER_GLOBAL_ACCENT_COLOR_NAME = AccentColor;
				CODE_SIGN_ENTITLEMENTS = MacLandmarks/MacLandmarks.entitlements;
				CODE_SIGN_STYLE = Automatic;
				COMBINE_HIDPI_IMAGES = YES;
				CURRENT_PROJECT_VERSION = 1;
				DEVELOPMENT_ASSET_PATHS = "\"MacLandmarks/Preview Content\"";
				DEVELOPMENT_TEAM = 4R6949GRZ7;
				ENABLE_HARDENED_RUNTIME = YES;
				ENABLE_PREVIEWS = YES;
				GENERATE_INFOPLIST_FILE = YES;
				INFOPLIST_KEY_NSHumanReadableCopyright = "";
				LD_RUNPATH_SEARCH_PATHS = (
					"$(inherited)",
					"@executable_path/../Frameworks",
				);
				MACOSX_DEPLOYMENT_TARGET = 14.2;
				MARKETING_VERSION = 1.0;
				PRODUCT_BUNDLE_IDENTIFIER = com.ilyasbugra.MacLandmarks;
				PRODUCT_NAME = "$(TARGET_NAME)";
				SDKROOT = macosx;
				SWIFT_EMIT_LOC_STRINGS = YES;
				SWIFT_VERSION = 5.0;
			};
			name = Debug;
		};
		4B495CC92B372205003F8576 /* Release */ = {
			isa = XCBuildConfiguration;
			buildSettings = {
				ASSETCATALOG_COMPILER_APPICON_NAME = AppIcon;
				ASSETCATALOG_COMPILER_GLOBAL_ACCENT_COLOR_NAME = AccentColor;
				CODE_SIGN_ENTITLEMENTS = MacLandmarks/MacLandmarks.entitlements;
				CODE_SIGN_STYLE = Automatic;
				COMBINE_HIDPI_IMAGES = YES;
				CURRENT_PROJECT_VERSION = 1;
				DEVELOPMENT_ASSET_PATHS = "\"MacLandmarks/Preview Content\"";
				DEVELOPMENT_TEAM = 4R6949GRZ7;
				ENABLE_HARDENED_RUNTIME = YES;
				ENABLE_PREVIEWS = YES;
				GENERATE_INFOPLIST_FILE = YES;
				INFOPLIST_KEY_NSHumanReadableCopyright = "";
				LD_RUNPATH_SEARCH_PATHS = (
					"$(inherited)",
					"@executable_path/../Frameworks",
				);
				MACOSX_DEPLOYMENT_TARGET = 14.2;
				MARKETING_VERSION = 1.0;
				PRODUCT_BUNDLE_IDENTIFIER = com.ilyasbugra.MacLandmarks;
				PRODUCT_NAME = "$(TARGET_NAME)";
				SDKROOT = macosx;
				SWIFT_EMIT_LOC_STRINGS = YES;
				SWIFT_VERSION = 5.0;
			};
			name = Release;
		};
		4B495CCA2B372205003F8576 /* Debug */ = {
			isa = XCBuildConfiguration;
			buildSettings = {
				ALWAYS_EMBED_SWIFT_STANDARD_LIBRARIES = YES;
				BUNDLE_LOADER = "$(TEST_HOST)";
				CODE_SIGN_STYLE = Automatic;
				CURRENT_PROJECT_VERSION = 1;
				DEVELOPMENT_TEAM = 4R6949GRZ7;
				GENERATE_INFOPLIST_FILE = YES;
				MACOSX_DEPLOYMENT_TARGET = 14.2;
				MARKETING_VERSION = 1.0;
				PRODUCT_BUNDLE_IDENTIFIER = com.ilyasbugra.MacLandmarksTests;
				PRODUCT_NAME = "$(TARGET_NAME)";
				SDKROOT = macosx;
				SWIFT_EMIT_LOC_STRINGS = NO;
				SWIFT_VERSION = 5.0;
				TEST_HOST = "$(BUILT_PRODUCTS_DIR)/MacLandmarks.app/$(BUNDLE_EXECUTABLE_FOLDER_PATH)/MacLandmarks";
			};
			name = Debug;
		};
		4B495CCB2B372205003F8576 /* Release */ = {
			isa = XCBuildConfiguration;
			buildSettings = {
				ALWAYS_EMBED_SWIFT_STANDARD_LIBRARIES = YES;
				BUNDLE_LOADER = "$(TEST_HOST)";
				CODE_SIGN_STYLE = Automatic;
				CURRENT_PROJECT_VERSION = 1;
				DEVELOPMENT_TEAM = 4R6949GRZ7;
				GENERATE_INFOPLIST_FILE = YES;
				MACOSX_DEPLOYMENT_TARGET = 14.2;
				MARKETING_VERSION = 1.0;
				PRODUCT_BUNDLE_IDENTIFIER = com.ilyasbugra.MacLandmarksTests;
				PRODUCT_NAME = "$(TARGET_NAME)";
				SDKROOT = macosx;
				SWIFT_EMIT_LOC_STRINGS = NO;
				SWIFT_VERSION = 5.0;
				TEST_HOST = "$(BUILT_PRODUCTS_DIR)/MacLandmarks.app/$(BUNDLE_EXECUTABLE_FOLDER_PATH)/MacLandmarks";
			};
			name = Release;
		};
		4B495CCC2B372205003F8576 /* Debug */ = {
			isa = XCBuildConfiguration;
			buildSettings = {
				ALWAYS_EMBED_SWIFT_STANDARD_LIBRARIES = YES;
				CODE_SIGN_STYLE = Automatic;
				CURRENT_PROJECT_VERSION = 1;
				DEVELOPMENT_TEAM = 4R6949GRZ7;
				GENERATE_INFOPLIST_FILE = YES;
				MACOSX_DEPLOYMENT_TARGET = 14.2;
				MARKETING_VERSION = 1.0;
				PRODUCT_BUNDLE_IDENTIFIER = com.ilyasbugra.MacLandmarksUITests;
				PRODUCT_NAME = "$(TARGET_NAME)";
				SDKROOT = macosx;
				SWIFT_EMIT_LOC_STRINGS = NO;
				SWIFT_VERSION = 5.0;
				TEST_TARGET_NAME = MacLandmarks;
			};
			name = Debug;
		};
		4B495CCD2B372205003F8576 /* Release */ = {
			isa = XCBuildConfiguration;
			buildSettings = {
				ALWAYS_EMBED_SWIFT_STANDARD_LIBRARIES = YES;
				CODE_SIGN_STYLE = Automatic;
				CURRENT_PROJECT_VERSION = 1;
				DEVELOPMENT_TEAM = 4R6949GRZ7;
				GENERATE_INFOPLIST_FILE = YES;
				MACOSX_DEPLOYMENT_TARGET = 14.2;
				MARKETING_VERSION = 1.0;
				PRODUCT_BUNDLE_IDENTIFIER = com.ilyasbugra.MacLandmarksUITests;
				PRODUCT_NAME = "$(TARGET_NAME)";
				SDKROOT = macosx;
				SWIFT_EMIT_LOC_STRINGS = NO;
				SWIFT_VERSION = 5.0;
				TEST_TARGET_NAME = MacLandmarks;
			};
			name = Release;
		};
		4BBA569A2B31C7040092EEA9 /* Debug */ = {
			isa = XCBuildConfiguration;
			buildSettings = {
				ASSETCATALOG_COMPILER_APPICON_NAME = AppIcon;
				ASSETCATALOG_COMPILER_GLOBAL_ACCENT_COLOR_NAME = AccentColor;
				CODE_SIGN_STYLE = Automatic;
				CURRENT_PROJECT_VERSION = 1;
				DEVELOPMENT_ASSET_PATHS = "\"WatchLandmarks Watch App/Preview Content\"";
				DEVELOPMENT_TEAM = 4R6949GRZ7;
				ENABLE_PREVIEWS = YES;
				GENERATE_INFOPLIST_FILE = YES;
				INFOPLIST_KEY_CFBundleDisplayName = WatchLandmarks;
				INFOPLIST_KEY_UISupportedInterfaceOrientations = "UIInterfaceOrientationPortrait UIInterfaceOrientationPortraitUpsideDown";
				INFOPLIST_KEY_WKCompanionAppBundleIdentifier = com.ilyasbugra.Landmarks;
				INFOPLIST_KEY_WKRunsIndependentlyOfCompanionApp = YES;
				LD_RUNPATH_SEARCH_PATHS = (
					"$(inherited)",
					"@executable_path/Frameworks",
				);
				MARKETING_VERSION = 1.0;
				PRODUCT_BUNDLE_IDENTIFIER = com.ilyasbugra.Landmarks.watchkitapp;
				PRODUCT_NAME = "$(TARGET_NAME)";
				SDKROOT = watchos;
				SKIP_INSTALL = YES;
				SWIFT_EMIT_LOC_STRINGS = YES;
				SWIFT_VERSION = 5.0;
				TARGETED_DEVICE_FAMILY = 4;
				WATCHOS_DEPLOYMENT_TARGET = 10.2;
			};
			name = Debug;
		};
		4BBA569B2B31C7040092EEA9 /* Release */ = {
			isa = XCBuildConfiguration;
			buildSettings = {
				ASSETCATALOG_COMPILER_APPICON_NAME = AppIcon;
				ASSETCATALOG_COMPILER_GLOBAL_ACCENT_COLOR_NAME = AccentColor;
				CODE_SIGN_STYLE = Automatic;
				CURRENT_PROJECT_VERSION = 1;
				DEVELOPMENT_ASSET_PATHS = "\"WatchLandmarks Watch App/Preview Content\"";
				DEVELOPMENT_TEAM = 4R6949GRZ7;
				ENABLE_PREVIEWS = YES;
				GENERATE_INFOPLIST_FILE = YES;
				INFOPLIST_KEY_CFBundleDisplayName = WatchLandmarks;
				INFOPLIST_KEY_UISupportedInterfaceOrientations = "UIInterfaceOrientationPortrait UIInterfaceOrientationPortraitUpsideDown";
				INFOPLIST_KEY_WKCompanionAppBundleIdentifier = com.ilyasbugra.Landmarks;
				INFOPLIST_KEY_WKRunsIndependentlyOfCompanionApp = YES;
				LD_RUNPATH_SEARCH_PATHS = (
					"$(inherited)",
					"@executable_path/Frameworks",
				);
				MARKETING_VERSION = 1.0;
				PRODUCT_BUNDLE_IDENTIFIER = com.ilyasbugra.Landmarks.watchkitapp;
				PRODUCT_NAME = "$(TARGET_NAME)";
				SDKROOT = watchos;
				SKIP_INSTALL = YES;
				SWIFT_EMIT_LOC_STRINGS = YES;
				SWIFT_VERSION = 5.0;
				TARGETED_DEVICE_FAMILY = 4;
				WATCHOS_DEPLOYMENT_TARGET = 10.2;
			};
			name = Release;
		};
		4BBA569C2B31C7040092EEA9 /* Debug */ = {
			isa = XCBuildConfiguration;
			buildSettings = {
				ALWAYS_EMBED_SWIFT_STANDARD_LIBRARIES = YES;
				BUNDLE_LOADER = "$(TEST_HOST)";
				CODE_SIGN_STYLE = Automatic;
				CURRENT_PROJECT_VERSION = 1;
				DEVELOPMENT_TEAM = 4R6949GRZ7;
				GENERATE_INFOPLIST_FILE = YES;
				MARKETING_VERSION = 1.0;
				PRODUCT_BUNDLE_IDENTIFIER = "com.ilyasbugra.WatchLandmarks-Watch-AppTests";
				PRODUCT_NAME = "$(TARGET_NAME)";
				SDKROOT = watchos;
				SWIFT_EMIT_LOC_STRINGS = NO;
				SWIFT_VERSION = 5.0;
				TARGETED_DEVICE_FAMILY = 4;
				TEST_HOST = "$(BUILT_PRODUCTS_DIR)/WatchLandmarks Watch App.app/$(BUNDLE_EXECUTABLE_FOLDER_PATH)/WatchLandmarks Watch App";
				WATCHOS_DEPLOYMENT_TARGET = 10.2;
			};
			name = Debug;
		};
		4BBA569D2B31C7040092EEA9 /* Release */ = {
			isa = XCBuildConfiguration;
			buildSettings = {
				ALWAYS_EMBED_SWIFT_STANDARD_LIBRARIES = YES;
				BUNDLE_LOADER = "$(TEST_HOST)";
				CODE_SIGN_STYLE = Automatic;
				CURRENT_PROJECT_VERSION = 1;
				DEVELOPMENT_TEAM = 4R6949GRZ7;
				GENERATE_INFOPLIST_FILE = YES;
				MARKETING_VERSION = 1.0;
				PRODUCT_BUNDLE_IDENTIFIER = "com.ilyasbugra.WatchLandmarks-Watch-AppTests";
				PRODUCT_NAME = "$(TARGET_NAME)";
				SDKROOT = watchos;
				SWIFT_EMIT_LOC_STRINGS = NO;
				SWIFT_VERSION = 5.0;
				TARGETED_DEVICE_FAMILY = 4;
				TEST_HOST = "$(BUILT_PRODUCTS_DIR)/WatchLandmarks Watch App.app/$(BUNDLE_EXECUTABLE_FOLDER_PATH)/WatchLandmarks Watch App";
				WATCHOS_DEPLOYMENT_TARGET = 10.2;
			};
			name = Release;
		};
		4BBA569E2B31C7040092EEA9 /* Debug */ = {
			isa = XCBuildConfiguration;
			buildSettings = {
				ALWAYS_EMBED_SWIFT_STANDARD_LIBRARIES = YES;
				CODE_SIGN_STYLE = Automatic;
				CURRENT_PROJECT_VERSION = 1;
				DEVELOPMENT_TEAM = 4R6949GRZ7;
				GENERATE_INFOPLIST_FILE = YES;
				MARKETING_VERSION = 1.0;
				PRODUCT_BUNDLE_IDENTIFIER = "com.ilyasbugra.WatchLandmarks-Watch-AppUITests";
				PRODUCT_NAME = "$(TARGET_NAME)";
				SDKROOT = watchos;
				SWIFT_EMIT_LOC_STRINGS = NO;
				SWIFT_VERSION = 5.0;
				TARGETED_DEVICE_FAMILY = 4;
				TEST_TARGET_NAME = "WatchLandmarks Watch App";
				WATCHOS_DEPLOYMENT_TARGET = 10.2;
			};
			name = Debug;
		};
		4BBA569F2B31C7040092EEA9 /* Release */ = {
			isa = XCBuildConfiguration;
			buildSettings = {
				ALWAYS_EMBED_SWIFT_STANDARD_LIBRARIES = YES;
				CODE_SIGN_STYLE = Automatic;
				CURRENT_PROJECT_VERSION = 1;
				DEVELOPMENT_TEAM = 4R6949GRZ7;
				GENERATE_INFOPLIST_FILE = YES;
				MARKETING_VERSION = 1.0;
				PRODUCT_BUNDLE_IDENTIFIER = "com.ilyasbugra.WatchLandmarks-Watch-AppUITests";
				PRODUCT_NAME = "$(TARGET_NAME)";
				SDKROOT = watchos;
				SWIFT_EMIT_LOC_STRINGS = NO;
				SWIFT_VERSION = 5.0;
				TARGETED_DEVICE_FAMILY = 4;
				TEST_TARGET_NAME = "WatchLandmarks Watch App";
				WATCHOS_DEPLOYMENT_TARGET = 10.2;
			};
			name = Release;
		};
		4BCDE99F2B2BA04700B9D164 /* Debug */ = {
			isa = XCBuildConfiguration;
			buildSettings = {
				ALWAYS_SEARCH_USER_PATHS = NO;
				ASSETCATALOG_COMPILER_GENERATE_SWIFT_ASSET_SYMBOL_EXTENSIONS = YES;
				CLANG_ANALYZER_NONNULL = YES;
				CLANG_ANALYZER_NUMBER_OBJECT_CONVERSION = YES_AGGRESSIVE;
				CLANG_CXX_LANGUAGE_STANDARD = "gnu++20";
				CLANG_ENABLE_MODULES = YES;
				CLANG_ENABLE_OBJC_ARC = YES;
				CLANG_ENABLE_OBJC_WEAK = YES;
				CLANG_WARN_BLOCK_CAPTURE_AUTORELEASING = YES;
				CLANG_WARN_BOOL_CONVERSION = YES;
				CLANG_WARN_COMMA = YES;
				CLANG_WARN_CONSTANT_CONVERSION = YES;
				CLANG_WARN_DEPRECATED_OBJC_IMPLEMENTATIONS = YES;
				CLANG_WARN_DIRECT_OBJC_ISA_USAGE = YES_ERROR;
				CLANG_WARN_DOCUMENTATION_COMMENTS = YES;
				CLANG_WARN_EMPTY_BODY = YES;
				CLANG_WARN_ENUM_CONVERSION = YES;
				CLANG_WARN_INFINITE_RECURSION = YES;
				CLANG_WARN_INT_CONVERSION = YES;
				CLANG_WARN_NON_LITERAL_NULL_CONVERSION = YES;
				CLANG_WARN_OBJC_IMPLICIT_RETAIN_SELF = YES;
				CLANG_WARN_OBJC_LITERAL_CONVERSION = YES;
				CLANG_WARN_OBJC_ROOT_CLASS = YES_ERROR;
				CLANG_WARN_QUOTED_INCLUDE_IN_FRAMEWORK_HEADER = YES;
				CLANG_WARN_RANGE_LOOP_ANALYSIS = YES;
				CLANG_WARN_STRICT_PROTOTYPES = YES;
				CLANG_WARN_SUSPICIOUS_MOVE = YES;
				CLANG_WARN_UNGUARDED_AVAILABILITY = YES_AGGRESSIVE;
				CLANG_WARN_UNREACHABLE_CODE = YES;
				CLANG_WARN__DUPLICATE_METHOD_MATCH = YES;
				COPY_PHASE_STRIP = NO;
				DEBUG_INFORMATION_FORMAT = dwarf;
				ENABLE_STRICT_OBJC_MSGSEND = YES;
				ENABLE_TESTABILITY = YES;
				ENABLE_USER_SCRIPT_SANDBOXING = YES;
				GCC_C_LANGUAGE_STANDARD = gnu17;
				GCC_DYNAMIC_NO_PIC = NO;
				GCC_NO_COMMON_BLOCKS = YES;
				GCC_OPTIMIZATION_LEVEL = 0;
				GCC_PREPROCESSOR_DEFINITIONS = (
					"DEBUG=1",
					"$(inherited)",
				);
				GCC_WARN_64_TO_32_BIT_CONVERSION = YES;
				GCC_WARN_ABOUT_RETURN_TYPE = YES_ERROR;
				GCC_WARN_UNDECLARED_SELECTOR = YES;
				GCC_WARN_UNINITIALIZED_AUTOS = YES_AGGRESSIVE;
				GCC_WARN_UNUSED_FUNCTION = YES;
				GCC_WARN_UNUSED_VARIABLE = YES;
				IPHONEOS_DEPLOYMENT_TARGET = 17.0;
				LOCALIZATION_PREFERS_STRING_CATALOGS = YES;
				MTL_ENABLE_DEBUG_INFO = INCLUDE_SOURCE;
				MTL_FAST_MATH = YES;
				ONLY_ACTIVE_ARCH = YES;
				SDKROOT = iphoneos;
				SWIFT_ACTIVE_COMPILATION_CONDITIONS = "DEBUG $(inherited)";
				SWIFT_OPTIMIZATION_LEVEL = "-Onone";
			};
			name = Debug;
		};
		4BCDE9A02B2BA04700B9D164 /* Release */ = {
			isa = XCBuildConfiguration;
			buildSettings = {
				ALWAYS_SEARCH_USER_PATHS = NO;
				ASSETCATALOG_COMPILER_GENERATE_SWIFT_ASSET_SYMBOL_EXTENSIONS = YES;
				CLANG_ANALYZER_NONNULL = YES;
				CLANG_ANALYZER_NUMBER_OBJECT_CONVERSION = YES_AGGRESSIVE;
				CLANG_CXX_LANGUAGE_STANDARD = "gnu++20";
				CLANG_ENABLE_MODULES = YES;
				CLANG_ENABLE_OBJC_ARC = YES;
				CLANG_ENABLE_OBJC_WEAK = YES;
				CLANG_WARN_BLOCK_CAPTURE_AUTORELEASING = YES;
				CLANG_WARN_BOOL_CONVERSION = YES;
				CLANG_WARN_COMMA = YES;
				CLANG_WARN_CONSTANT_CONVERSION = YES;
				CLANG_WARN_DEPRECATED_OBJC_IMPLEMENTATIONS = YES;
				CLANG_WARN_DIRECT_OBJC_ISA_USAGE = YES_ERROR;
				CLANG_WARN_DOCUMENTATION_COMMENTS = YES;
				CLANG_WARN_EMPTY_BODY = YES;
				CLANG_WARN_ENUM_CONVERSION = YES;
				CLANG_WARN_INFINITE_RECURSION = YES;
				CLANG_WARN_INT_CONVERSION = YES;
				CLANG_WARN_NON_LITERAL_NULL_CONVERSION = YES;
				CLANG_WARN_OBJC_IMPLICIT_RETAIN_SELF = YES;
				CLANG_WARN_OBJC_LITERAL_CONVERSION = YES;
				CLANG_WARN_OBJC_ROOT_CLASS = YES_ERROR;
				CLANG_WARN_QUOTED_INCLUDE_IN_FRAMEWORK_HEADER = YES;
				CLANG_WARN_RANGE_LOOP_ANALYSIS = YES;
				CLANG_WARN_STRICT_PROTOTYPES = YES;
				CLANG_WARN_SUSPICIOUS_MOVE = YES;
				CLANG_WARN_UNGUARDED_AVAILABILITY = YES_AGGRESSIVE;
				CLANG_WARN_UNREACHABLE_CODE = YES;
				CLANG_WARN__DUPLICATE_METHOD_MATCH = YES;
				COPY_PHASE_STRIP = NO;
				DEBUG_INFORMATION_FORMAT = "dwarf-with-dsym";
				ENABLE_NS_ASSERTIONS = NO;
				ENABLE_STRICT_OBJC_MSGSEND = YES;
				ENABLE_USER_SCRIPT_SANDBOXING = YES;
				GCC_C_LANGUAGE_STANDARD = gnu17;
				GCC_NO_COMMON_BLOCKS = YES;
				GCC_WARN_64_TO_32_BIT_CONVERSION = YES;
				GCC_WARN_ABOUT_RETURN_TYPE = YES_ERROR;
				GCC_WARN_UNDECLARED_SELECTOR = YES;
				GCC_WARN_UNINITIALIZED_AUTOS = YES_AGGRESSIVE;
				GCC_WARN_UNUSED_FUNCTION = YES;
				GCC_WARN_UNUSED_VARIABLE = YES;
				IPHONEOS_DEPLOYMENT_TARGET = 17.0;
				LOCALIZATION_PREFERS_STRING_CATALOGS = YES;
				MTL_ENABLE_DEBUG_INFO = NO;
				MTL_FAST_MATH = YES;
				SDKROOT = iphoneos;
				SWIFT_COMPILATION_MODE = wholemodule;
				VALIDATE_PRODUCT = YES;
			};
			name = Release;
		};
		4BCDE9A22B2BA04700B9D164 /* Debug */ = {
			isa = XCBuildConfiguration;
			buildSettings = {
				ALWAYS_EMBED_SWIFT_STANDARD_LIBRARIES = YES;
				ASSETCATALOG_COMPILER_APPICON_NAME = AppIcon;
				ASSETCATALOG_COMPILER_GLOBAL_ACCENT_COLOR_NAME = AccentColor;
				CODE_SIGN_STYLE = Automatic;
				CURRENT_PROJECT_VERSION = 1;
				DEVELOPMENT_ASSET_PATHS = "\"Landmarks/Preview Content\"";
				DEVELOPMENT_TEAM = 4R6949GRZ7;
				ENABLE_PREVIEWS = YES;
				GENERATE_INFOPLIST_FILE = YES;
				INFOPLIST_KEY_UIApplicationSceneManifest_Generation = YES;
				INFOPLIST_KEY_UIApplicationSupportsIndirectInputEvents = YES;
				INFOPLIST_KEY_UILaunchScreen_Generation = YES;
				INFOPLIST_KEY_UISupportedInterfaceOrientations_iPad = "UIInterfaceOrientationPortrait UIInterfaceOrientationPortraitUpsideDown UIInterfaceOrientationLandscapeLeft UIInterfaceOrientationLandscapeRight";
				INFOPLIST_KEY_UISupportedInterfaceOrientations_iPhone = "UIInterfaceOrientationPortrait UIInterfaceOrientationLandscapeLeft UIInterfaceOrientationLandscapeRight";
				LD_RUNPATH_SEARCH_PATHS = (
					"$(inherited)",
					"@executable_path/Frameworks",
				);
				MARKETING_VERSION = 1.0;
				PRODUCT_BUNDLE_IDENTIFIER = com.ilyasbugra.Landmarks;
				PRODUCT_NAME = "$(TARGET_NAME)";
				SWIFT_EMIT_LOC_STRINGS = YES;
				SWIFT_VERSION = 5.0;
				TARGETED_DEVICE_FAMILY = "1,2";
			};
			name = Debug;
		};
		4BCDE9A32B2BA04700B9D164 /* Release */ = {
			isa = XCBuildConfiguration;
			buildSettings = {
				ALWAYS_EMBED_SWIFT_STANDARD_LIBRARIES = YES;
				ASSETCATALOG_COMPILER_APPICON_NAME = AppIcon;
				ASSETCATALOG_COMPILER_GLOBAL_ACCENT_COLOR_NAME = AccentColor;
				CODE_SIGN_STYLE = Automatic;
				CURRENT_PROJECT_VERSION = 1;
				DEVELOPMENT_ASSET_PATHS = "\"Landmarks/Preview Content\"";
				DEVELOPMENT_TEAM = 4R6949GRZ7;
				ENABLE_PREVIEWS = YES;
				GENERATE_INFOPLIST_FILE = YES;
				INFOPLIST_KEY_UIApplicationSceneManifest_Generation = YES;
				INFOPLIST_KEY_UIApplicationSupportsIndirectInputEvents = YES;
				INFOPLIST_KEY_UILaunchScreen_Generation = YES;
				INFOPLIST_KEY_UISupportedInterfaceOrientations_iPad = "UIInterfaceOrientationPortrait UIInterfaceOrientationPortraitUpsideDown UIInterfaceOrientationLandscapeLeft UIInterfaceOrientationLandscapeRight";
				INFOPLIST_KEY_UISupportedInterfaceOrientations_iPhone = "UIInterfaceOrientationPortrait UIInterfaceOrientationLandscapeLeft UIInterfaceOrientationLandscapeRight";
				LD_RUNPATH_SEARCH_PATHS = (
					"$(inherited)",
					"@executable_path/Frameworks",
				);
				MARKETING_VERSION = 1.0;
				PRODUCT_BUNDLE_IDENTIFIER = com.ilyasbugra.Landmarks;
				PRODUCT_NAME = "$(TARGET_NAME)";
				SWIFT_EMIT_LOC_STRINGS = YES;
				SWIFT_VERSION = 5.0;
				TARGETED_DEVICE_FAMILY = "1,2";
			};
			name = Release;
		};
		4BCDE9A52B2BA04700B9D164 /* Debug */ = {
			isa = XCBuildConfiguration;
			buildSettings = {
				ALWAYS_EMBED_SWIFT_STANDARD_LIBRARIES = YES;
				BUNDLE_LOADER = "$(TEST_HOST)";
				CODE_SIGN_STYLE = Automatic;
				CURRENT_PROJECT_VERSION = 1;
				DEVELOPMENT_TEAM = 4R6949GRZ7;
				GENERATE_INFOPLIST_FILE = YES;
				IPHONEOS_DEPLOYMENT_TARGET = 17.0;
				MARKETING_VERSION = 1.0;
				PRODUCT_BUNDLE_IDENTIFIER = com.ilyasbugra.LandmarksTests;
				PRODUCT_NAME = "$(TARGET_NAME)";
				SWIFT_EMIT_LOC_STRINGS = NO;
				SWIFT_VERSION = 5.0;
				TARGETED_DEVICE_FAMILY = "1,2";
				TEST_HOST = "$(BUILT_PRODUCTS_DIR)/Landmarks.app/$(BUNDLE_EXECUTABLE_FOLDER_PATH)/Landmarks";
			};
			name = Debug;
		};
		4BCDE9A62B2BA04700B9D164 /* Release */ = {
			isa = XCBuildConfiguration;
			buildSettings = {
				ALWAYS_EMBED_SWIFT_STANDARD_LIBRARIES = YES;
				BUNDLE_LOADER = "$(TEST_HOST)";
				CODE_SIGN_STYLE = Automatic;
				CURRENT_PROJECT_VERSION = 1;
				DEVELOPMENT_TEAM = 4R6949GRZ7;
				GENERATE_INFOPLIST_FILE = YES;
				IPHONEOS_DEPLOYMENT_TARGET = 17.0;
				MARKETING_VERSION = 1.0;
				PRODUCT_BUNDLE_IDENTIFIER = com.ilyasbugra.LandmarksTests;
				PRODUCT_NAME = "$(TARGET_NAME)";
				SWIFT_EMIT_LOC_STRINGS = NO;
				SWIFT_VERSION = 5.0;
				TARGETED_DEVICE_FAMILY = "1,2";
				TEST_HOST = "$(BUILT_PRODUCTS_DIR)/Landmarks.app/$(BUNDLE_EXECUTABLE_FOLDER_PATH)/Landmarks";
			};
			name = Release;
		};
		4BCDE9A82B2BA04700B9D164 /* Debug */ = {
			isa = XCBuildConfiguration;
			buildSettings = {
				ALWAYS_EMBED_SWIFT_STANDARD_LIBRARIES = YES;
				CODE_SIGN_STYLE = Automatic;
				CURRENT_PROJECT_VERSION = 1;
				DEVELOPMENT_TEAM = 4R6949GRZ7;
				GENERATE_INFOPLIST_FILE = YES;
				MARKETING_VERSION = 1.0;
				PRODUCT_BUNDLE_IDENTIFIER = com.ilyasbugra.LandmarksUITests;
				PRODUCT_NAME = "$(TARGET_NAME)";
				SWIFT_EMIT_LOC_STRINGS = NO;
				SWIFT_VERSION = 5.0;
				TARGETED_DEVICE_FAMILY = "1,2";
				TEST_TARGET_NAME = Landmarks;
			};
			name = Debug;
		};
		4BCDE9A92B2BA04700B9D164 /* Release */ = {
			isa = XCBuildConfiguration;
			buildSettings = {
				ALWAYS_EMBED_SWIFT_STANDARD_LIBRARIES = YES;
				CODE_SIGN_STYLE = Automatic;
				CURRENT_PROJECT_VERSION = 1;
				DEVELOPMENT_TEAM = 4R6949GRZ7;
				GENERATE_INFOPLIST_FILE = YES;
				MARKETING_VERSION = 1.0;
				PRODUCT_BUNDLE_IDENTIFIER = com.ilyasbugra.LandmarksUITests;
				PRODUCT_NAME = "$(TARGET_NAME)";
				SWIFT_EMIT_LOC_STRINGS = NO;
				SWIFT_VERSION = 5.0;
				TARGETED_DEVICE_FAMILY = "1,2";
				TEST_TARGET_NAME = Landmarks;
			};
			name = Release;
		};
/* End XCBuildConfiguration section */

/* Begin XCConfigurationList section */
		4B495CCE2B372205003F8576 /* Build configuration list for PBXNativeTarget "MacLandmarks" */ = {
			isa = XCConfigurationList;
			buildConfigurations = (
				4B495CC82B372205003F8576 /* Debug */,
				4B495CC92B372205003F8576 /* Release */,
			);
			defaultConfigurationIsVisible = 0;
			defaultConfigurationName = Release;
		};
		4B495CCF2B372205003F8576 /* Build configuration list for PBXNativeTarget "MacLandmarksTests" */ = {
			isa = XCConfigurationList;
			buildConfigurations = (
				4B495CCA2B372205003F8576 /* Debug */,
				4B495CCB2B372205003F8576 /* Release */,
			);
			defaultConfigurationIsVisible = 0;
			defaultConfigurationName = Release;
		};
		4B495CD02B372205003F8576 /* Build configuration list for PBXNativeTarget "MacLandmarksUITests" */ = {
			isa = XCConfigurationList;
			buildConfigurations = (
				4B495CCC2B372205003F8576 /* Debug */,
				4B495CCD2B372205003F8576 /* Release */,
			);
			defaultConfigurationIsVisible = 0;
			defaultConfigurationName = Release;
		};
		4BBA56A02B31C7040092EEA9 /* Build configuration list for PBXNativeTarget "WatchLandmarks Watch App" */ = {
			isa = XCConfigurationList;
			buildConfigurations = (
				4BBA569A2B31C7040092EEA9 /* Debug */,
				4BBA569B2B31C7040092EEA9 /* Release */,
			);
			defaultConfigurationIsVisible = 0;
			defaultConfigurationName = Release;
		};
		4BBA56A12B31C7040092EEA9 /* Build configuration list for PBXNativeTarget "WatchLandmarks Watch AppTests" */ = {
			isa = XCConfigurationList;
			buildConfigurations = (
				4BBA569C2B31C7040092EEA9 /* Debug */,
				4BBA569D2B31C7040092EEA9 /* Release */,
			);
			defaultConfigurationIsVisible = 0;
			defaultConfigurationName = Release;
		};
		4BBA56A22B31C7040092EEA9 /* Build configuration list for PBXNativeTarget "WatchLandmarks Watch AppUITests" */ = {
			isa = XCConfigurationList;
			buildConfigurations = (
				4BBA569E2B31C7040092EEA9 /* Debug */,
				4BBA569F2B31C7040092EEA9 /* Release */,
			);
			defaultConfigurationIsVisible = 0;
			defaultConfigurationName = Release;
		};
		4BCDE9782B2BA04100B9D164 /* Build configuration list for PBXProject "Landmarks" */ = {
			isa = XCConfigurationList;
			buildConfigurations = (
				4BCDE99F2B2BA04700B9D164 /* Debug */,
				4BCDE9A02B2BA04700B9D164 /* Release */,
			);
			defaultConfigurationIsVisible = 0;
			defaultConfigurationName = Release;
		};
		4BCDE9A12B2BA04700B9D164 /* Build configuration list for PBXNativeTarget "Landmarks" */ = {
			isa = XCConfigurationList;
			buildConfigurations = (
				4BCDE9A22B2BA04700B9D164 /* Debug */,
				4BCDE9A32B2BA04700B9D164 /* Release */,
			);
			defaultConfigurationIsVisible = 0;
			defaultConfigurationName = Release;
		};
		4BCDE9A42B2BA04700B9D164 /* Build configuration list for PBXNativeTarget "LandmarksTests" */ = {
			isa = XCConfigurationList;
			buildConfigurations = (
				4BCDE9A52B2BA04700B9D164 /* Debug */,
				4BCDE9A62B2BA04700B9D164 /* Release */,
			);
			defaultConfigurationIsVisible = 0;
			defaultConfigurationName = Release;
		};
		4BCDE9A72B2BA04700B9D164 /* Build configuration list for PBXNativeTarget "LandmarksUITests" */ = {
			isa = XCConfigurationList;
			buildConfigurations = (
				4BCDE9A82B2BA04700B9D164 /* Debug */,
				4BCDE9A92B2BA04700B9D164 /* Release */,
			);
			defaultConfigurationIsVisible = 0;
			defaultConfigurationName = Release;
		};
/* End XCConfigurationList section */
	};
	rootObject = 4BCDE9752B2BA04100B9D164 /* Project object */;
}
